// !$*UTF8*$!
{
	archiveVersion = 1;
	classes = {
	};
	objectVersion = 56;
	objects = {

/* Begin PBXBuildFile section */
		C70AEB4A2A55C0D9006CABF6 /* temperatureColors.csv in Resources */ = {isa = PBXBuildFile; fileRef = C70AEB492A55C0D9006CABF6 /* temperatureColors.csv */; };
		C70AEB512A55C196006CABF6 /* TemperatureColor.swift in Sources */ = {isa = PBXBuildFile; fileRef = C70AEB502A55C196006CABF6 /* TemperatureColor.swift */; };
		C70AEB542A55C399006CABF6 /* TemperatureParser.swift in Sources */ = {isa = PBXBuildFile; fileRef = C70AEB532A55C399006CABF6 /* TemperatureParser.swift */; };
		C70AEB562A55C6B7006CABF6 /* UIColor+GetTemperatureColor.swift in Sources */ = {isa = PBXBuildFile; fileRef = C70AEB552A55C6B7006CABF6 /* UIColor+GetTemperatureColor.swift */; };
		C70AEB592A56A602006CABF6 /* Coordinates.swift in Sources */ = {isa = PBXBuildFile; fileRef = C70AEB582A56A602006CABF6 /* Coordinates.swift */; };
		C70AEB5B2A56A655006CABF6 /* OpenWeatherResponce.swift in Sources */ = {isa = PBXBuildFile; fileRef = C70AEB5A2A56A655006CABF6 /* OpenWeatherResponce.swift */; };
		C70AEB5D2A56A6B5006CABF6 /* OpenWeatherWeatherDescription.swift in Sources */ = {isa = PBXBuildFile; fileRef = C70AEB5C2A56A6B5006CABF6 /* OpenWeatherWeatherDescription.swift */; };
		C70AEB5F2A56A75B006CABF6 /* OpenWeatherTempAndPressure.swift in Sources */ = {isa = PBXBuildFile; fileRef = C70AEB5E2A56A75B006CABF6 /* OpenWeatherTempAndPressure.swift */; };
		C70AEB612A56A811006CABF6 /* OpenWeatherWind.swift in Sources */ = {isa = PBXBuildFile; fileRef = C70AEB602A56A811006CABF6 /* OpenWeatherWind.swift */; };
		C70AEB652A56A9F3006CABF6 /* OpenWeatherClouds.swift in Sources */ = {isa = PBXBuildFile; fileRef = C70AEB642A56A9F3006CABF6 /* OpenWeatherClouds.swift */; };
		C70AEB672A56AA3E006CABF6 /* OpenWeatherSunriseSunset.swift in Sources */ = {isa = PBXBuildFile; fileRef = C70AEB662A56AA3E006CABF6 /* OpenWeatherSunriseSunset.swift */; };
		C70AEB692A56AC01006CABF6 /* NetworkManager.swift in Sources */ = {isa = PBXBuildFile; fileRef = C70AEB682A56AC01006CABF6 /* NetworkManager.swift */; };
		C729E7EF2AA1C19700C034F5 /* BundleView.swift in Sources */ = {isa = PBXBuildFile; fileRef = C729E7EE2AA1C19700C034F5 /* BundleView.swift */; };
		C729E7F22AA1FBCD00C034F5 /* WeatherModalVC.swift in Sources */ = {isa = PBXBuildFile; fileRef = C729E7F12AA1FBCD00C034F5 /* WeatherModalVC.swift */; };
		C729E7F52AA31F5F00C034F5 /* GeoModel.xcdatamodeld in Sources */ = {isa = PBXBuildFile; fileRef = C729E7F32AA31F5F00C034F5 /* GeoModel.xcdatamodeld */; };
		C729E7F82AA3295900C034F5 /* DataManager.swift in Sources */ = {isa = PBXBuildFile; fileRef = C729E7F72AA3295900C034F5 /* DataManager.swift */; };
		C729E81E2AA88BE000C034F5 /* PageVC.swift in Sources */ = {isa = PBXBuildFile; fileRef = C729E81D2AA88BE000C034F5 /* PageVC.swift */; };
		C729E8422AADF84600C034F5 /* NSNotification.Name+Name.swift in Sources */ = {isa = PBXBuildFile; fileRef = C729E8412AADF84600C034F5 /* NSNotification.Name+Name.swift */; };
		C72B99E92A556A3300C5088E /* AppDelegate.swift in Sources */ = {isa = PBXBuildFile; fileRef = C72B99E82A556A3300C5088E /* AppDelegate.swift */; };
		C72B99EB2A556A3300C5088E /* SceneDelegate.swift in Sources */ = {isa = PBXBuildFile; fileRef = C72B99EA2A556A3300C5088E /* SceneDelegate.swift */; };
		C72B99ED2A556A3300C5088E /* WeatherHomeVC.swift in Sources */ = {isa = PBXBuildFile; fileRef = C72B99EC2A556A3300C5088E /* WeatherHomeVC.swift */; };
		C72B99F22A556A3500C5088E /* Assets.xcassets in Resources */ = {isa = PBXBuildFile; fileRef = C72B99F12A556A3500C5088E /* Assets.xcassets */; };
		C72B99F52A556A3500C5088E /* LaunchScreen.storyboard in Resources */ = {isa = PBXBuildFile; fileRef = C72B99F32A556A3500C5088E /* LaunchScreen.storyboard */; };
		C7408F772AD2B29600E86C29 /* SunRenderer.swift in Sources */ = {isa = PBXBuildFile; fileRef = C7408F752AD2B29600E86C29 /* SunRenderer.swift */; };
		C7408F782AD2B29600E86C29 /* ArcRenderer.swift in Sources */ = {isa = PBXBuildFile; fileRef = C7408F762AD2B29600E86C29 /* ArcRenderer.swift */; };
		C7408F7A2AD2BD0D00E86C29 /* ConfigureViewProtocol.swift in Sources */ = {isa = PBXBuildFile; fileRef = C7408F792AD2BD0D00E86C29 /* ConfigureViewProtocol.swift */; };
		C7408F7C2AD2BDCE00E86C29 /* SunriseSunsetView+ConfigureViewProtocol.swift in Sources */ = {isa = PBXBuildFile; fileRef = C7408F7B2AD2BDCE00E86C29 /* SunriseSunsetView+ConfigureViewProtocol.swift */; };
		C7408F7F2AD2E4FB00E86C29 /* GradientViewBackgroundRenderer.swift in Sources */ = {isa = PBXBuildFile; fileRef = C7408F7E2AD2E4FB00E86C29 /* GradientViewBackgroundRenderer.swift */; };
		C7408F832AD2F26400E86C29 /* CircleRenderer.swift in Sources */ = {isa = PBXBuildFile; fileRef = C7408F822AD2F26400E86C29 /* CircleRenderer.swift */; };
		C76C169C2AD3D676005A84DF /* CityNameLabel.swift in Sources */ = {isa = PBXBuildFile; fileRef = C76C169B2AD3D676005A84DF /* CityNameLabel.swift */; };
		C76C169E2AD3D6E1005A84DF /* CityNameLabelDataModel.swift in Sources */ = {isa = PBXBuildFile; fileRef = C76C169D2AD3D6E1005A84DF /* CityNameLabelDataModel.swift */; };
		C76C16A42AD456B4005A84DF /* UIColor+GradientColor.swift in Sources */ = {isa = PBXBuildFile; fileRef = C76C16A32AD456B4005A84DF /* UIColor+GradientColor.swift */; };
		C76C16A62AD52E81005A84DF /* WeatherImageView.swift in Sources */ = {isa = PBXBuildFile; fileRef = C76C16A52AD52E81005A84DF /* WeatherImageView.swift */; };
		C76C16A82AD57B71005A84DF /* TemperatureView+LayoutSubviews.swift in Sources */ = {isa = PBXBuildFile; fileRef = C76C16A72AD57B71005A84DF /* TemperatureView+LayoutSubviews.swift */; };
		C76C16AB2AD58C29005A84DF /* PageVC+DataSource+Delegate.swift in Sources */ = {isa = PBXBuildFile; fileRef = C76C16AA2AD58C29005A84DF /* PageVC+DataSource+Delegate.swift */; };
		C76C16AD2AD58F18005A84DF /* PageVC+WorkWithPages.swift in Sources */ = {isa = PBXBuildFile; fileRef = C76C16AC2AD58F18005A84DF /* PageVC+WorkWithPages.swift */; };
		C76C16AF2AD59026005A84DF /* PageVC+SubviewsLayout.swift in Sources */ = {isa = PBXBuildFile; fileRef = C76C16AE2AD59026005A84DF /* PageVC+SubviewsLayout.swift */; };
		C76C16B12AD594F6005A84DF /* PageVC+WorkWithNotification.swift in Sources */ = {isa = PBXBuildFile; fileRef = C76C16B02AD594F6005A84DF /* PageVC+WorkWithNotification.swift */; };
		C76C16B32AD59950005A84DF /* PageVC+WorkWithBarItem.swift in Sources */ = {isa = PBXBuildFile; fileRef = C76C16B22AD59950005A84DF /* PageVC+WorkWithBarItem.swift */; };
		C77F0E1B2A813AA700DA4BC0 /* ResultsTableVC.swift in Sources */ = {isa = PBXBuildFile; fileRef = C77F0E1A2A813AA700DA4BC0 /* ResultsTableVC.swift */; };
		C77F0E1D2A82501D00DA4BC0 /* PublicGeoArray.swift in Sources */ = {isa = PBXBuildFile; fileRef = C77F0E1C2A82501D00DA4BC0 /* PublicGeoArray.swift */; };
		C78549B52A56F97800F2E500 /* CityChooserVC.swift in Sources */ = {isa = PBXBuildFile; fileRef = C78549B42A56F97800F2E500 /* CityChooserVC.swift */; };
		C78549BB2A57DBDE00F2E500 /* SuggestionCitiesCell.swift in Sources */ = {isa = PBXBuildFile; fileRef = C78549BA2A57DBDE00F2E500 /* SuggestionCitiesCell.swift */; };
		C78549C02A57FF5900F2E500 /* OpenWeatherRain.swift in Sources */ = {isa = PBXBuildFile; fileRef = C78549BF2A57FF5900F2E500 /* OpenWeatherRain.swift */; };
		C788A9362A63DA3C00C104B6 /* SunAndArcView.swift in Sources */ = {isa = PBXBuildFile; fileRef = C788A9322A63DA3C00C104B6 /* SunAndArcView.swift */; };
		C788A9372A63DA3C00C104B6 /* SunriseSunsetView.swift in Sources */ = {isa = PBXBuildFile; fileRef = C788A9332A63DA3C00C104B6 /* SunriseSunsetView.swift */; };
		C78D88352A647C3000B646AF /* WindLabel.swift in Sources */ = {isa = PBXBuildFile; fileRef = C78D88302A647C2F00B646AF /* WindLabel.swift */; };
		C78D88362A647C3000B646AF /* TemperatureView.swift in Sources */ = {isa = PBXBuildFile; fileRef = C78D88312A647C2F00B646AF /* TemperatureView.swift */; };
		C78D88372A647C3000B646AF /* FeelsLikeLabel.swift in Sources */ = {isa = PBXBuildFile; fileRef = C78D88322A647C2F00B646AF /* FeelsLikeLabel.swift */; };
		C78D88382A647C3000B646AF /* DescriptionWeatherLabel.swift in Sources */ = {isa = PBXBuildFile; fileRef = C78D88332A647C2F00B646AF /* DescriptionWeatherLabel.swift */; };
		C78D88392A647C3000B646AF /* DegreesLabel.swift in Sources */ = {isa = PBXBuildFile; fileRef = C78D88342A647C3000B646AF /* DegreesLabel.swift */; };
		C78D883E2A667C0C00B646AF /* TemperatureViewDataModel.swift in Sources */ = {isa = PBXBuildFile; fileRef = C78D883D2A667C0C00B646AF /* TemperatureViewDataModel.swift */; };
		C7B474A62A5D305D00490FF1 /* GradientRootView.swift in Sources */ = {isa = PBXBuildFile; fileRef = C7B474A52A5D305D00490FF1 /* GradientRootView.swift */; };
		C7C659502AD02C8C00D8DC51 /* ApiKeys.swift in Sources */ = {isa = PBXBuildFile; fileRef = C7C6594F2AD02C8C00D8DC51 /* ApiKeys.swift */; };
		C7C8C2452A56CA8F005E6392 /* GeoResponce.swift in Sources */ = {isa = PBXBuildFile; fileRef = C7C8C2442A56CA8F005E6392 /* GeoResponce.swift */; };
		C7C8C2472A56CB76005E6392 /* localNames.swift in Sources */ = {isa = PBXBuildFile; fileRef = C7C8C2462A56CB76005E6392 /* localNames.swift */; };
		C7D04F0D2A6F8857006FA195 /* IndexLabel.swift in Sources */ = {isa = PBXBuildFile; fileRef = C7D04F0A2A6F8857006FA195 /* IndexLabel.swift */; };
		C7D04F0E2A6F8857006FA195 /* CircleView.swift in Sources */ = {isa = PBXBuildFile; fileRef = C7D04F0B2A6F8857006FA195 /* CircleView.swift */; };
		C7D04F0F2A6F8857006FA195 /* AirQualityView.swift in Sources */ = {isa = PBXBuildFile; fileRef = C7D04F0C2A6F8857006FA195 /* AirQualityView.swift */; };
		C7D04F292A6FC7AD006FA195 /* OpenWeatherAirPollutionResponce.swift in Sources */ = {isa = PBXBuildFile; fileRef = C7D04F282A6FC7AD006FA195 /* OpenWeatherAirPollutionResponce.swift */; };
		C7D04F2B2A6FC994006FA195 /* OpenWeatherList.swift in Sources */ = {isa = PBXBuildFile; fileRef = C7D04F2A2A6FC994006FA195 /* OpenWeatherList.swift */; };
		C7D04F2D2A6FC9EC006FA195 /* OpenWeatherMain.swift in Sources */ = {isa = PBXBuildFile; fileRef = C7D04F2C2A6FC9EC006FA195 /* OpenWeatherMain.swift */; };
		C7D04F2F2A6FCA22006FA195 /* OpenWeatherComponents.swift in Sources */ = {isa = PBXBuildFile; fileRef = C7D04F2E2A6FCA22006FA195 /* OpenWeatherComponents.swift */; };
		C7D061BE2AB6D9E8006B354E /* SectionLayoutKind.swift in Sources */ = {isa = PBXBuildFile; fileRef = C7D061BD2AB6D9E8006B354E /* SectionLayoutKind.swift */; };
		C7D061C02AB6DA03006B354E /* CellIdentifier.swift in Sources */ = {isa = PBXBuildFile; fileRef = C7D061BF2AB6DA03006B354E /* CellIdentifier.swift */; };
		C7D061C22AB6DE6C006B354E /* WeatherHomeVC+CreateLayout.swift in Sources */ = {isa = PBXBuildFile; fileRef = C7D061C12AB6DE6C006B354E /* WeatherHomeVC+CreateLayout.swift */; };
		C7D061C42AB6E4FB006B354E /* WeatherHomeVC+ConfigureDataSource.swift in Sources */ = {isa = PBXBuildFile; fileRef = C7D061C32AB6E4FB006B354E /* WeatherHomeVC+ConfigureDataSource.swift */; };
		C7D061C62AB6E60C006B354E /* CustomCell.swift in Sources */ = {isa = PBXBuildFile; fileRef = C7D061C52AB6E60C006B354E /* CustomCell.swift */; };
		C7EEB92C2A684C6400F40354 /* SunriseSunsetViewDataModel.swift in Sources */ = {isa = PBXBuildFile; fileRef = C7EEB92B2A684C6400F40354 /* SunriseSunsetViewDataModel.swift */; };
		C7EEB9382A692A6900F40354 /* AirQualityViewDataModel.swift in Sources */ = {isa = PBXBuildFile; fileRef = C7EEB9372A692A6900F40354 /* AirQualityViewDataModel.swift */; };
/* End PBXBuildFile section */

/* Begin PBXFileReference section */
		C70AEB492A55C0D9006CABF6 /* temperatureColors.csv */ = {isa = PBXFileReference; fileEncoding = 4; lastKnownFileType = text; path = temperatureColors.csv; sourceTree = "<group>"; };
		C70AEB502A55C196006CABF6 /* TemperatureColor.swift */ = {isa = PBXFileReference; lastKnownFileType = sourcecode.swift; path = TemperatureColor.swift; sourceTree = "<group>"; };
		C70AEB532A55C399006CABF6 /* TemperatureParser.swift */ = {isa = PBXFileReference; lastKnownFileType = sourcecode.swift; path = TemperatureParser.swift; sourceTree = "<group>"; };
		C70AEB552A55C6B7006CABF6 /* UIColor+GetTemperatureColor.swift */ = {isa = PBXFileReference; lastKnownFileType = sourcecode.swift; path = "UIColor+GetTemperatureColor.swift"; sourceTree = "<group>"; };
		C70AEB582A56A602006CABF6 /* Coordinates.swift */ = {isa = PBXFileReference; lastKnownFileType = sourcecode.swift; path = Coordinates.swift; sourceTree = "<group>"; };
		C70AEB5A2A56A655006CABF6 /* OpenWeatherResponce.swift */ = {isa = PBXFileReference; lastKnownFileType = sourcecode.swift; path = OpenWeatherResponce.swift; sourceTree = "<group>"; };
		C70AEB5C2A56A6B5006CABF6 /* OpenWeatherWeatherDescription.swift */ = {isa = PBXFileReference; lastKnownFileType = sourcecode.swift; path = OpenWeatherWeatherDescription.swift; sourceTree = "<group>"; };
		C70AEB5E2A56A75B006CABF6 /* OpenWeatherTempAndPressure.swift */ = {isa = PBXFileReference; lastKnownFileType = sourcecode.swift; path = OpenWeatherTempAndPressure.swift; sourceTree = "<group>"; };
		C70AEB602A56A811006CABF6 /* OpenWeatherWind.swift */ = {isa = PBXFileReference; lastKnownFileType = sourcecode.swift; path = OpenWeatherWind.swift; sourceTree = "<group>"; };
		C70AEB642A56A9F3006CABF6 /* OpenWeatherClouds.swift */ = {isa = PBXFileReference; lastKnownFileType = sourcecode.swift; path = OpenWeatherClouds.swift; sourceTree = "<group>"; };
		C70AEB662A56AA3E006CABF6 /* OpenWeatherSunriseSunset.swift */ = {isa = PBXFileReference; lastKnownFileType = sourcecode.swift; path = OpenWeatherSunriseSunset.swift; sourceTree = "<group>"; };
		C70AEB682A56AC01006CABF6 /* NetworkManager.swift */ = {isa = PBXFileReference; lastKnownFileType = sourcecode.swift; path = NetworkManager.swift; sourceTree = "<group>"; };
		C729E7EE2AA1C19700C034F5 /* BundleView.swift */ = {isa = PBXFileReference; lastKnownFileType = sourcecode.swift; path = BundleView.swift; sourceTree = "<group>"; };
		C729E7F12AA1FBCD00C034F5 /* WeatherModalVC.swift */ = {isa = PBXFileReference; lastKnownFileType = sourcecode.swift; path = WeatherModalVC.swift; sourceTree = "<group>"; };
		C729E7F42AA31F5F00C034F5 /* Model.xcdatamodel */ = {isa = PBXFileReference; lastKnownFileType = wrapper.xcdatamodel; path = Model.xcdatamodel; sourceTree = "<group>"; };
		C729E7F72AA3295900C034F5 /* DataManager.swift */ = {isa = PBXFileReference; lastKnownFileType = sourcecode.swift; path = DataManager.swift; sourceTree = "<group>"; };
		C729E81D2AA88BE000C034F5 /* PageVC.swift */ = {isa = PBXFileReference; lastKnownFileType = sourcecode.swift; path = PageVC.swift; sourceTree = "<group>"; };
		C729E8412AADF84600C034F5 /* NSNotification.Name+Name.swift */ = {isa = PBXFileReference; lastKnownFileType = sourcecode.swift; path = "NSNotification.Name+Name.swift"; sourceTree = "<group>"; };
		C72B99E52A556A3300C5088E /* Weather.app */ = {isa = PBXFileReference; explicitFileType = wrapper.application; includeInIndex = 0; path = Weather.app; sourceTree = BUILT_PRODUCTS_DIR; };
		C72B99E82A556A3300C5088E /* AppDelegate.swift */ = {isa = PBXFileReference; lastKnownFileType = sourcecode.swift; path = AppDelegate.swift; sourceTree = "<group>"; };
		C72B99EA2A556A3300C5088E /* SceneDelegate.swift */ = {isa = PBXFileReference; lastKnownFileType = sourcecode.swift; path = SceneDelegate.swift; sourceTree = "<group>"; };
		C72B99EC2A556A3300C5088E /* WeatherHomeVC.swift */ = {isa = PBXFileReference; lastKnownFileType = sourcecode.swift; path = WeatherHomeVC.swift; sourceTree = "<group>"; };
		C72B99F12A556A3500C5088E /* Assets.xcassets */ = {isa = PBXFileReference; lastKnownFileType = folder.assetcatalog; path = Assets.xcassets; sourceTree = "<group>"; };
		C72B99F42A556A3500C5088E /* Base */ = {isa = PBXFileReference; lastKnownFileType = file.storyboard; name = Base; path = Base.lproj/LaunchScreen.storyboard; sourceTree = "<group>"; };
		C72B99F62A556A3500C5088E /* Info.plist */ = {isa = PBXFileReference; lastKnownFileType = text.plist.xml; path = Info.plist; sourceTree = "<group>"; };
		C7408F752AD2B29600E86C29 /* SunRenderer.swift */ = {isa = PBXFileReference; fileEncoding = 4; lastKnownFileType = sourcecode.swift; path = SunRenderer.swift; sourceTree = "<group>"; };
		C7408F762AD2B29600E86C29 /* ArcRenderer.swift */ = {isa = PBXFileReference; fileEncoding = 4; lastKnownFileType = sourcecode.swift; path = ArcRenderer.swift; sourceTree = "<group>"; };
		C7408F792AD2BD0D00E86C29 /* ConfigureViewProtocol.swift */ = {isa = PBXFileReference; lastKnownFileType = sourcecode.swift; path = ConfigureViewProtocol.swift; sourceTree = "<group>"; };
		C7408F7B2AD2BDCE00E86C29 /* SunriseSunsetView+ConfigureViewProtocol.swift */ = {isa = PBXFileReference; lastKnownFileType = sourcecode.swift; path = "SunriseSunsetView+ConfigureViewProtocol.swift"; sourceTree = "<group>"; };
		C7408F7E2AD2E4FB00E86C29 /* GradientViewBackgroundRenderer.swift */ = {isa = PBXFileReference; lastKnownFileType = sourcecode.swift; path = GradientViewBackgroundRenderer.swift; sourceTree = "<group>"; };
		C7408F822AD2F26400E86C29 /* CircleRenderer.swift */ = {isa = PBXFileReference; lastKnownFileType = sourcecode.swift; path = CircleRenderer.swift; sourceTree = "<group>"; };
		C76C169B2AD3D676005A84DF /* CityNameLabel.swift */ = {isa = PBXFileReference; lastKnownFileType = sourcecode.swift; path = CityNameLabel.swift; sourceTree = "<group>"; };
		C76C169D2AD3D6E1005A84DF /* CityNameLabelDataModel.swift */ = {isa = PBXFileReference; lastKnownFileType = sourcecode.swift; path = CityNameLabelDataModel.swift; sourceTree = "<group>"; };
		C76C16A32AD456B4005A84DF /* UIColor+GradientColor.swift */ = {isa = PBXFileReference; lastKnownFileType = sourcecode.swift; path = "UIColor+GradientColor.swift"; sourceTree = "<group>"; };
		C76C16A52AD52E81005A84DF /* WeatherImageView.swift */ = {isa = PBXFileReference; lastKnownFileType = sourcecode.swift; path = WeatherImageView.swift; sourceTree = "<group>"; };
		C76C16A72AD57B71005A84DF /* TemperatureView+LayoutSubviews.swift */ = {isa = PBXFileReference; lastKnownFileType = sourcecode.swift; path = "TemperatureView+LayoutSubviews.swift"; sourceTree = "<group>"; };
		C76C16AA2AD58C29005A84DF /* PageVC+DataSource+Delegate.swift */ = {isa = PBXFileReference; lastKnownFileType = sourcecode.swift; path = "PageVC+DataSource+Delegate.swift"; sourceTree = "<group>"; };
		C76C16AC2AD58F18005A84DF /* PageVC+WorkWithPages.swift */ = {isa = PBXFileReference; lastKnownFileType = sourcecode.swift; path = "PageVC+WorkWithPages.swift"; sourceTree = "<group>"; };
		C76C16AE2AD59026005A84DF /* PageVC+SubviewsLayout.swift */ = {isa = PBXFileReference; lastKnownFileType = sourcecode.swift; path = "PageVC+SubviewsLayout.swift"; sourceTree = "<group>"; };
		C76C16B02AD594F6005A84DF /* PageVC+WorkWithNotification.swift */ = {isa = PBXFileReference; lastKnownFileType = sourcecode.swift; path = "PageVC+WorkWithNotification.swift"; sourceTree = "<group>"; };
		C76C16B22AD59950005A84DF /* PageVC+WorkWithBarItem.swift */ = {isa = PBXFileReference; lastKnownFileType = sourcecode.swift; path = "PageVC+WorkWithBarItem.swift"; sourceTree = "<group>"; };
		C77F0E1A2A813AA700DA4BC0 /* ResultsTableVC.swift */ = {isa = PBXFileReference; lastKnownFileType = sourcecode.swift; path = ResultsTableVC.swift; sourceTree = "<group>"; };
		C77F0E1C2A82501D00DA4BC0 /* PublicGeoArray.swift */ = {isa = PBXFileReference; lastKnownFileType = sourcecode.swift; path = PublicGeoArray.swift; sourceTree = "<group>"; };
		C78549B42A56F97800F2E500 /* CityChooserVC.swift */ = {isa = PBXFileReference; lastKnownFileType = sourcecode.swift; path = CityChooserVC.swift; sourceTree = "<group>"; };
		C78549BA2A57DBDE00F2E500 /* SuggestionCitiesCell.swift */ = {isa = PBXFileReference; lastKnownFileType = sourcecode.swift; path = SuggestionCitiesCell.swift; sourceTree = "<group>"; };
		C78549BF2A57FF5900F2E500 /* OpenWeatherRain.swift */ = {isa = PBXFileReference; lastKnownFileType = sourcecode.swift; path = OpenWeatherRain.swift; sourceTree = "<group>"; };
		C788A9322A63DA3C00C104B6 /* SunAndArcView.swift */ = {isa = PBXFileReference; fileEncoding = 4; lastKnownFileType = sourcecode.swift; path = SunAndArcView.swift; sourceTree = "<group>"; };
		C788A9332A63DA3C00C104B6 /* SunriseSunsetView.swift */ = {isa = PBXFileReference; fileEncoding = 4; lastKnownFileType = sourcecode.swift; path = SunriseSunsetView.swift; sourceTree = "<group>"; };
		C78D88302A647C2F00B646AF /* WindLabel.swift */ = {isa = PBXFileReference; fileEncoding = 4; lastKnownFileType = sourcecode.swift; path = WindLabel.swift; sourceTree = "<group>"; };
		C78D88312A647C2F00B646AF /* TemperatureView.swift */ = {isa = PBXFileReference; fileEncoding = 4; lastKnownFileType = sourcecode.swift; path = TemperatureView.swift; sourceTree = "<group>"; };
		C78D88322A647C2F00B646AF /* FeelsLikeLabel.swift */ = {isa = PBXFileReference; fileEncoding = 4; lastKnownFileType = sourcecode.swift; path = FeelsLikeLabel.swift; sourceTree = "<group>"; };
		C78D88332A647C2F00B646AF /* DescriptionWeatherLabel.swift */ = {isa = PBXFileReference; fileEncoding = 4; lastKnownFileType = sourcecode.swift; path = DescriptionWeatherLabel.swift; sourceTree = "<group>"; };
		C78D88342A647C3000B646AF /* DegreesLabel.swift */ = {isa = PBXFileReference; fileEncoding = 4; lastKnownFileType = sourcecode.swift; path = DegreesLabel.swift; sourceTree = "<group>"; };
		C78D883D2A667C0C00B646AF /* TemperatureViewDataModel.swift */ = {isa = PBXFileReference; lastKnownFileType = sourcecode.swift; path = TemperatureViewDataModel.swift; sourceTree = "<group>"; };
		C7B474A52A5D305D00490FF1 /* GradientRootView.swift */ = {isa = PBXFileReference; lastKnownFileType = sourcecode.swift; path = GradientRootView.swift; sourceTree = "<group>"; };
		C7C6594F2AD02C8C00D8DC51 /* ApiKeys.swift */ = {isa = PBXFileReference; fileEncoding = 4; lastKnownFileType = sourcecode.swift; path = ApiKeys.swift; sourceTree = "<group>"; };
		C7C8C2442A56CA8F005E6392 /* GeoResponce.swift */ = {isa = PBXFileReference; lastKnownFileType = sourcecode.swift; path = GeoResponce.swift; sourceTree = "<group>"; };
		C7C8C2462A56CB76005E6392 /* localNames.swift */ = {isa = PBXFileReference; lastKnownFileType = sourcecode.swift; path = localNames.swift; sourceTree = "<group>"; };
		C7D04F0A2A6F8857006FA195 /* IndexLabel.swift */ = {isa = PBXFileReference; fileEncoding = 4; lastKnownFileType = sourcecode.swift; path = IndexLabel.swift; sourceTree = "<group>"; };
		C7D04F0B2A6F8857006FA195 /* CircleView.swift */ = {isa = PBXFileReference; fileEncoding = 4; lastKnownFileType = sourcecode.swift; path = CircleView.swift; sourceTree = "<group>"; };
		C7D04F0C2A6F8857006FA195 /* AirQualityView.swift */ = {isa = PBXFileReference; fileEncoding = 4; lastKnownFileType = sourcecode.swift; path = AirQualityView.swift; sourceTree = "<group>"; };
		C7D04F282A6FC7AD006FA195 /* OpenWeatherAirPollutionResponce.swift */ = {isa = PBXFileReference; lastKnownFileType = sourcecode.swift; path = OpenWeatherAirPollutionResponce.swift; sourceTree = "<group>"; };
		C7D04F2A2A6FC994006FA195 /* OpenWeatherList.swift */ = {isa = PBXFileReference; lastKnownFileType = sourcecode.swift; path = OpenWeatherList.swift; sourceTree = "<group>"; };
		C7D04F2C2A6FC9EC006FA195 /* OpenWeatherMain.swift */ = {isa = PBXFileReference; lastKnownFileType = sourcecode.swift; path = OpenWeatherMain.swift; sourceTree = "<group>"; };
		C7D04F2E2A6FCA22006FA195 /* OpenWeatherComponents.swift */ = {isa = PBXFileReference; lastKnownFileType = sourcecode.swift; path = OpenWeatherComponents.swift; sourceTree = "<group>"; };
		C7D061BD2AB6D9E8006B354E /* SectionLayoutKind.swift */ = {isa = PBXFileReference; lastKnownFileType = sourcecode.swift; path = SectionLayoutKind.swift; sourceTree = "<group>"; };
		C7D061BF2AB6DA03006B354E /* CellIdentifier.swift */ = {isa = PBXFileReference; lastKnownFileType = sourcecode.swift; path = CellIdentifier.swift; sourceTree = "<group>"; };
		C7D061C12AB6DE6C006B354E /* WeatherHomeVC+CreateLayout.swift */ = {isa = PBXFileReference; lastKnownFileType = sourcecode.swift; path = "WeatherHomeVC+CreateLayout.swift"; sourceTree = "<group>"; };
		C7D061C32AB6E4FB006B354E /* WeatherHomeVC+ConfigureDataSource.swift */ = {isa = PBXFileReference; lastKnownFileType = sourcecode.swift; path = "WeatherHomeVC+ConfigureDataSource.swift"; sourceTree = "<group>"; };
		C7D061C52AB6E60C006B354E /* CustomCell.swift */ = {isa = PBXFileReference; lastKnownFileType = sourcecode.swift; path = CustomCell.swift; sourceTree = "<group>"; };
		C7EEB92B2A684C6400F40354 /* SunriseSunsetViewDataModel.swift */ = {isa = PBXFileReference; lastKnownFileType = sourcecode.swift; path = SunriseSunsetViewDataModel.swift; sourceTree = "<group>"; };
		C7EEB9372A692A6900F40354 /* AirQualityViewDataModel.swift */ = {isa = PBXFileReference; lastKnownFileType = sourcecode.swift; path = AirQualityViewDataModel.swift; sourceTree = "<group>"; };
/* End PBXFileReference section */

/* Begin PBXFrameworksBuildPhase section */
		C72B99E22A556A3300C5088E /* Frameworks */ = {
			isa = PBXFrameworksBuildPhase;
			buildActionMask = 2147483647;
			files = (
			);
			runOnlyForDeploymentPostprocessing = 0;
		};
/* End PBXFrameworksBuildPhase section */

/* Begin PBXGroup section */
		C70AEB4B2A55C0F6006CABF6 /* VC */ = {
			isa = PBXGroup;
			children = (
				C76C16A92AD58BE0005A84DF /* PageVC */,
				C7B474A42A5D301B00490FF1 /* Weather Home */,
				C78549B92A57DA9B00F2E500 /* City Chooser */,
			);
			path = VC;
			sourceTree = "<group>";
		};
		C70AEB4C2A55C117006CABF6 /* Resources */ = {
			isa = PBXGroup;
			children = (
				C72B99E82A556A3300C5088E /* AppDelegate.swift */,
				C72B99EA2A556A3300C5088E /* SceneDelegate.swift */,
				C72B99F12A556A3500C5088E /* Assets.xcassets */,
				C72B99F32A556A3500C5088E /* LaunchScreen.storyboard */,
				C72B99F62A556A3500C5088E /* Info.plist */,
				C70AEB492A55C0D9006CABF6 /* temperatureColors.csv */,
				C7C6594F2AD02C8C00D8DC51 /* ApiKeys.swift */,
			);
			path = Resources;
			sourceTree = "<group>";
		};
		C70AEB4D2A55C143006CABF6 /* Models */ = {
			isa = PBXGroup;
			children = (
				C70AEB582A56A602006CABF6 /* Coordinates.swift */,
				C70AEB572A56A4A6006CABF6 /* openweathermap.org */,
				C70AEB522A55C335006CABF6 /* TemperatureColor */,
				C77F0E1C2A82501D00DA4BC0 /* PublicGeoArray.swift */,
			);
			path = Models;
			sourceTree = "<group>";
		};
		C70AEB4E2A55C14C006CABF6 /* Networking */ = {
			isa = PBXGroup;
			children = (
				C70AEB682A56AC01006CABF6 /* NetworkManager.swift */,
			);
			path = Networking;
			sourceTree = "<group>";
		};
		C70AEB4F2A55C154006CABF6 /* Extensions */ = {
			isa = PBXGroup;
			children = (
				C729E8412AADF84600C034F5 /* NSNotification.Name+Name.swift */,
				C76C16A32AD456B4005A84DF /* UIColor+GradientColor.swift */,
			);
			path = Extensions;
			sourceTree = "<group>";
		};
		C70AEB522A55C335006CABF6 /* TemperatureColor */ = {
			isa = PBXGroup;
			children = (
				C70AEB552A55C6B7006CABF6 /* UIColor+GetTemperatureColor.swift */,
				C70AEB502A55C196006CABF6 /* TemperatureColor.swift */,
				C70AEB532A55C399006CABF6 /* TemperatureParser.swift */,
			);
			path = TemperatureColor;
			sourceTree = "<group>";
		};
		C70AEB572A56A4A6006CABF6 /* openweathermap.org */ = {
			isa = PBXGroup;
			children = (
				C7D04F272A6FC779006FA195 /* Air Pollution */,
				C7C8C2432A56CA4D005E6392 /* CItyCoordFinder */,
				C7EEB92D2A68E2FC00F40354 /* Weather Responce */,
			);
			path = openweathermap.org;
			sourceTree = "<group>";
		};
		C729E7F62AA31F8100C034F5 /* CoreData */ = {
			isa = PBXGroup;
			children = (
				C729E7F32AA31F5F00C034F5 /* GeoModel.xcdatamodeld */,
				C729E7F72AA3295900C034F5 /* DataManager.swift */,
			);
			path = CoreData;
			sourceTree = "<group>";
		};
		C72B99DC2A556A3300C5088E = {
			isa = PBXGroup;
			children = (
				C72B99E72A556A3300C5088E /* Weather */,
				C72B99E62A556A3300C5088E /* Products */,
			);
			sourceTree = "<group>";
		};
		C72B99E62A556A3300C5088E /* Products */ = {
			isa = PBXGroup;
			children = (
				C72B99E52A556A3300C5088E /* Weather.app */,
			);
			name = Products;
			sourceTree = "<group>";
		};
		C72B99E72A556A3300C5088E /* Weather */ = {
			isa = PBXGroup;
			children = (
				C729E7F62AA31F8100C034F5 /* CoreData */,
				C788A9312A63D97400C104B6 /* Custom Views */,
				C70AEB4F2A55C154006CABF6 /* Extensions */,
				C70AEB4E2A55C14C006CABF6 /* Networking */,
				C70AEB4D2A55C143006CABF6 /* Models */,
				C70AEB4C2A55C117006CABF6 /* Resources */,
				C70AEB4B2A55C0F6006CABF6 /* VC */,
			);
			path = Weather;
			sourceTree = "<group>";
		};
		C7408F7D2AD2BEB900E86C29 /* SunAndArc */ = {
			isa = PBXGroup;
			children = (
				C7408F762AD2B29600E86C29 /* ArcRenderer.swift */,
				C7408F752AD2B29600E86C29 /* SunRenderer.swift */,
				C788A9322A63DA3C00C104B6 /* SunAndArcView.swift */,
			);
			path = SunAndArc;
			sourceTree = "<group>";
		};
		C76C169A2AD3D610005A84DF /* CityNameView */ = {
			isa = PBXGroup;
			children = (
				C76C169B2AD3D676005A84DF /* CityNameLabel.swift */,
				C76C169D2AD3D6E1005A84DF /* CityNameLabelDataModel.swift */,
			);
			path = CityNameView;
			sourceTree = "<group>";
		};
		C76C16A92AD58BE0005A84DF /* PageVC */ = {
			isa = PBXGroup;
			children = (
				C729E81D2AA88BE000C034F5 /* PageVC.swift */,
				C76C16AA2AD58C29005A84DF /* PageVC+DataSource+Delegate.swift */,
				C76C16AC2AD58F18005A84DF /* PageVC+WorkWithPages.swift */,
				C76C16B02AD594F6005A84DF /* PageVC+WorkWithNotification.swift */,
				C76C16AE2AD59026005A84DF /* PageVC+SubviewsLayout.swift */,
				C76C16B22AD59950005A84DF /* PageVC+WorkWithBarItem.swift */,
			);
			path = PageVC;
			sourceTree = "<group>";
		};
		C78549B92A57DA9B00F2E500 /* City Chooser */ = {
			isa = PBXGroup;
			children = (
				C78549B42A56F97800F2E500 /* CityChooserVC.swift */,
				C77F0E1A2A813AA700DA4BC0 /* ResultsTableVC.swift */,
				C729E7F12AA1FBCD00C034F5 /* WeatherModalVC.swift */,
				C78549BA2A57DBDE00F2E500 /* SuggestionCitiesCell.swift */,
			);
			path = "City Chooser";
			sourceTree = "<group>";
		};
		C78549C22A5C64F800F2E500 /* structs for JSON */ = {
			isa = PBXGroup;
			children = (
				C7C8C2462A56CB76005E6392 /* localNames.swift */,
			);
			path = "structs for JSON";
			sourceTree = "<group>";
		};
		C788A9312A63D97400C104B6 /* Custom Views */ = {
			isa = PBXGroup;
			children = (
				C7408F792AD2BD0D00E86C29 /* ConfigureViewProtocol.swift */,
				C7B474A52A5D305D00490FF1 /* GradientRootView.swift */,
				C7408F7E2AD2E4FB00E86C29 /* GradientViewBackgroundRenderer.swift */,
				C729E7EE2AA1C19700C034F5 /* BundleView.swift */,
				C76C169A2AD3D610005A84DF /* CityNameView */,
				C7EEB9322A69272C00F40354 /* AirQuality View */,
				C78D882F2A647BF900B646AF /* Temperature View */,
				C788A93A2A63DA5100C104B6 /* SunriseSunset View */,
			);
			path = "Custom Views";
			sourceTree = "<group>";
		};
		C788A93A2A63DA5100C104B6 /* SunriseSunset View */ = {
			isa = PBXGroup;
			children = (
				C7EEB92B2A684C6400F40354 /* SunriseSunsetViewDataModel.swift */,
				C788A9332A63DA3C00C104B6 /* SunriseSunsetView.swift */,
				C7408F7B2AD2BDCE00E86C29 /* SunriseSunsetView+ConfigureViewProtocol.swift */,
				C7EEB9302A68E71300F40354 /* Subviews */,
			);
			path = "SunriseSunset View";
			sourceTree = "<group>";
		};
		C78D882F2A647BF900B646AF /* Temperature View */ = {
			isa = PBXGroup;
			children = (
				C78D883D2A667C0C00B646AF /* TemperatureViewDataModel.swift */,
				C78D88312A647C2F00B646AF /* TemperatureView.swift */,
				C76C16A72AD57B71005A84DF /* TemperatureView+LayoutSubviews.swift */,
				C7EEB92E2A68E6C000F40354 /* Subviews */,
			);
			path = "Temperature View";
			sourceTree = "<group>";
		};
		C7B474A42A5D301B00490FF1 /* Weather Home */ = {
			isa = PBXGroup;
			children = (
				C72B99EC2A556A3300C5088E /* WeatherHomeVC.swift */,
				C7D061C12AB6DE6C006B354E /* WeatherHomeVC+CreateLayout.swift */,
				C7D061C32AB6E4FB006B354E /* WeatherHomeVC+ConfigureDataSource.swift */,
				C7D061BD2AB6D9E8006B354E /* SectionLayoutKind.swift */,
				C7D061BF2AB6DA03006B354E /* CellIdentifier.swift */,
				C7D061C52AB6E60C006B354E /* CustomCell.swift */,
			);
			path = "Weather Home";
			sourceTree = "<group>";
		};
		C7C8C2432A56CA4D005E6392 /* CItyCoordFinder */ = {
			isa = PBXGroup;
			children = (
				C78549C22A5C64F800F2E500 /* structs for JSON */,
				C7C8C2442A56CA8F005E6392 /* GeoResponce.swift */,
			);
			path = CItyCoordFinder;
			sourceTree = "<group>";
		};
		C7D04F272A6FC779006FA195 /* Air Pollution */ = {
			isa = PBXGroup;
			children = (
				C7D04F282A6FC7AD006FA195 /* OpenWeatherAirPollutionResponce.swift */,
				C7D04F2A2A6FC994006FA195 /* OpenWeatherList.swift */,
				C7D04F2C2A6FC9EC006FA195 /* OpenWeatherMain.swift */,
				C7D04F2E2A6FCA22006FA195 /* OpenWeatherComponents.swift */,
			);
			path = "Air Pollution";
			sourceTree = "<group>";
		};
		C7EEB92D2A68E2FC00F40354 /* Weather Responce */ = {
			isa = PBXGroup;
			children = (
				C70AEB5C2A56A6B5006CABF6 /* OpenWeatherWeatherDescription.swift */,
				C70AEB5E2A56A75B006CABF6 /* OpenWeatherTempAndPressure.swift */,
				C70AEB602A56A811006CABF6 /* OpenWeatherWind.swift */,
				C70AEB642A56A9F3006CABF6 /* OpenWeatherClouds.swift */,
				C70AEB662A56AA3E006CABF6 /* OpenWeatherSunriseSunset.swift */,
				C78549BF2A57FF5900F2E500 /* OpenWeatherRain.swift */,
				C70AEB5A2A56A655006CABF6 /* OpenWeatherResponce.swift */,
			);
			path = "Weather Responce";
			sourceTree = "<group>";
		};
		C7EEB92E2A68E6C000F40354 /* Subviews */ = {
			isa = PBXGroup;
			children = (
				C78D88342A647C3000B646AF /* DegreesLabel.swift */,
				C78D88332A647C2F00B646AF /* DescriptionWeatherLabel.swift */,
				C78D88322A647C2F00B646AF /* FeelsLikeLabel.swift */,
				C78D88302A647C2F00B646AF /* WindLabel.swift */,
				C76C16A52AD52E81005A84DF /* WeatherImageView.swift */,
			);
			path = Subviews;
			sourceTree = "<group>";
		};
		C7EEB9302A68E71300F40354 /* Subviews */ = {
			isa = PBXGroup;
			children = (
				C7408F7D2AD2BEB900E86C29 /* SunAndArc */,
			);
			path = Subviews;
			sourceTree = "<group>";
		};
		C7EEB9322A69272C00F40354 /* AirQuality View */ = {
			isa = PBXGroup;
			children = (
				C7EEB9372A692A6900F40354 /* AirQualityViewDataModel.swift */,
				C7D04F0C2A6F8857006FA195 /* AirQualityView.swift */,
				C7EEB9332A69273C00F40354 /* Subviews */,
			);
			path = "AirQuality View";
			sourceTree = "<group>";
		};
		C7EEB9332A69273C00F40354 /* Subviews */ = {
			isa = PBXGroup;
			children = (
				C7D04F0B2A6F8857006FA195 /* CircleView.swift */,
				C7408F822AD2F26400E86C29 /* CircleRenderer.swift */,
				C7D04F0A2A6F8857006FA195 /* IndexLabel.swift */,
			);
			path = Subviews;
			sourceTree = "<group>";
		};
/* End PBXGroup section */

/* Begin PBXNativeTarget section */
		C72B99E42A556A3300C5088E /* Weather */ = {
			isa = PBXNativeTarget;
			buildConfigurationList = C72B99F92A556A3500C5088E /* Build configuration list for PBXNativeTarget "Weather" */;
			buildPhases = (
				C72B99E12A556A3300C5088E /* Sources */,
				C72B99E22A556A3300C5088E /* Frameworks */,
				C72B99E32A556A3300C5088E /* Resources */,
			);
			buildRules = (
			);
			dependencies = (
			);
			name = Weather;
			productName = Weather;
			productReference = C72B99E52A556A3300C5088E /* Weather.app */;
			productType = "com.apple.product-type.application";
		};
/* End PBXNativeTarget section */

/* Begin PBXProject section */
		C72B99DD2A556A3300C5088E /* Project object */ = {
			isa = PBXProject;
			attributes = {
				BuildIndependentTargetsInParallel = 1;
				LastSwiftUpdateCheck = 1430;
				LastUpgradeCheck = 1430;
				TargetAttributes = {
					C72B99E42A556A3300C5088E = {
						CreatedOnToolsVersion = 14.3;
					};
				};
			};
			buildConfigurationList = C72B99E02A556A3300C5088E /* Build configuration list for PBXProject "Weather" */;
			compatibilityVersion = "Xcode 14.0";
			developmentRegion = en;
			hasScannedForEncodings = 0;
			knownRegions = (
				en,
				Base,
			);
			mainGroup = C72B99DC2A556A3300C5088E;
			productRefGroup = C72B99E62A556A3300C5088E /* Products */;
			projectDirPath = "";
			projectRoot = "";
			targets = (
				C72B99E42A556A3300C5088E /* Weather */,
			);
		};
/* End PBXProject section */

/* Begin PBXResourcesBuildPhase section */
		C72B99E32A556A3300C5088E /* Resources */ = {
			isa = PBXResourcesBuildPhase;
			buildActionMask = 2147483647;
			files = (
				C72B99F52A556A3500C5088E /* LaunchScreen.storyboard in Resources */,
				C70AEB4A2A55C0D9006CABF6 /* temperatureColors.csv in Resources */,
				C72B99F22A556A3500C5088E /* Assets.xcassets in Resources */,
			);
			runOnlyForDeploymentPostprocessing = 0;
		};
/* End PBXResourcesBuildPhase section */

/* Begin PBXSourcesBuildPhase section */
		C72B99E12A556A3300C5088E /* Sources */ = {
			isa = PBXSourcesBuildPhase;
			buildActionMask = 2147483647;
			files = (
				C70AEB652A56A9F3006CABF6 /* OpenWeatherClouds.swift in Sources */,
				C729E7F52AA31F5F00C034F5 /* GeoModel.xcdatamodeld in Sources */,
				C7C659502AD02C8C00D8DC51 /* ApiKeys.swift in Sources */,
				C78D88372A647C3000B646AF /* FeelsLikeLabel.swift in Sources */,
				C70AEB592A56A602006CABF6 /* Coordinates.swift in Sources */,
				C729E7F82AA3295900C034F5 /* DataManager.swift in Sources */,
				C7408F782AD2B29600E86C29 /* ArcRenderer.swift in Sources */,
				C70AEB542A55C399006CABF6 /* TemperatureParser.swift in Sources */,
				C76C16AF2AD59026005A84DF /* PageVC+SubviewsLayout.swift in Sources */,
				C77F0E1D2A82501D00DA4BC0 /* PublicGeoArray.swift in Sources */,
				C78D88382A647C3000B646AF /* DescriptionWeatherLabel.swift in Sources */,
				C70AEB562A55C6B7006CABF6 /* UIColor+GetTemperatureColor.swift in Sources */,
				C7D061BE2AB6D9E8006B354E /* SectionLayoutKind.swift in Sources */,
				C77F0E1B2A813AA700DA4BC0 /* ResultsTableVC.swift in Sources */,
				C78D88362A647C3000B646AF /* TemperatureView.swift in Sources */,
				C70AEB672A56AA3E006CABF6 /* OpenWeatherSunriseSunset.swift in Sources */,
				C76C16A82AD57B71005A84DF /* TemperatureView+LayoutSubviews.swift in Sources */,
				C729E81E2AA88BE000C034F5 /* PageVC.swift in Sources */,
				C78D883E2A667C0C00B646AF /* TemperatureViewDataModel.swift in Sources */,
				C78D88392A647C3000B646AF /* DegreesLabel.swift in Sources */,
				C7EEB9382A692A6900F40354 /* AirQualityViewDataModel.swift in Sources */,
				C76C16AB2AD58C29005A84DF /* PageVC+DataSource+Delegate.swift in Sources */,
				C7408F832AD2F26400E86C29 /* CircleRenderer.swift in Sources */,
				C76C16A42AD456B4005A84DF /* UIColor+GradientColor.swift in Sources */,
				C72B99ED2A556A3300C5088E /* WeatherHomeVC.swift in Sources */,
				C76C169C2AD3D676005A84DF /* CityNameLabel.swift in Sources */,
				C788A9372A63DA3C00C104B6 /* SunriseSunsetView.swift in Sources */,
				C78549B52A56F97800F2E500 /* CityChooserVC.swift in Sources */,
				C72B99E92A556A3300C5088E /* AppDelegate.swift in Sources */,
				C788A9362A63DA3C00C104B6 /* SunAndArcView.swift in Sources */,
				C7D04F0E2A6F8857006FA195 /* CircleView.swift in Sources */,
				C70AEB512A55C196006CABF6 /* TemperatureColor.swift in Sources */,
				C7D04F0F2A6F8857006FA195 /* AirQualityView.swift in Sources */,
				C70AEB5F2A56A75B006CABF6 /* OpenWeatherTempAndPressure.swift in Sources */,
				C72B99EB2A556A3300C5088E /* SceneDelegate.swift in Sources */,
				C76C16B12AD594F6005A84DF /* PageVC+WorkWithNotification.swift in Sources */,
				C729E8422AADF84600C034F5 /* NSNotification.Name+Name.swift in Sources */,
				C76C16A62AD52E81005A84DF /* WeatherImageView.swift in Sources */,
				C7D061C02AB6DA03006B354E /* CellIdentifier.swift in Sources */,
				C76C16AD2AD58F18005A84DF /* PageVC+WorkWithPages.swift in Sources */,
				C7408F7F2AD2E4FB00E86C29 /* GradientViewBackgroundRenderer.swift in Sources */,
				C729E7EF2AA1C19700C034F5 /* BundleView.swift in Sources */,
				C7D04F292A6FC7AD006FA195 /* OpenWeatherAirPollutionResponce.swift in Sources */,
				C7D061C62AB6E60C006B354E /* CustomCell.swift in Sources */,
				C7D04F2D2A6FC9EC006FA195 /* OpenWeatherMain.swift in Sources */,
				C7408F7A2AD2BD0D00E86C29 /* ConfigureViewProtocol.swift in Sources */,
				C7C8C2472A56CB76005E6392 /* localNames.swift in Sources */,
				C7D04F2F2A6FCA22006FA195 /* OpenWeatherComponents.swift in Sources */,
				C7408F7C2AD2BDCE00E86C29 /* SunriseSunsetView+ConfigureViewProtocol.swift in Sources */,
				C76C169E2AD3D6E1005A84DF /* CityNameLabelDataModel.swift in Sources */,
				C70AEB5B2A56A655006CABF6 /* OpenWeatherResponce.swift in Sources */,
				C7D04F2B2A6FC994006FA195 /* OpenWeatherList.swift in Sources */,
				C7D04F0D2A6F8857006FA195 /* IndexLabel.swift in Sources */,
				C70AEB692A56AC01006CABF6 /* NetworkManager.swift in Sources */,
				C729E7F22AA1FBCD00C034F5 /* WeatherModalVC.swift in Sources */,
				C78549C02A57FF5900F2E500 /* OpenWeatherRain.swift in Sources */,
				C7EEB92C2A684C6400F40354 /* SunriseSunsetViewDataModel.swift in Sources */,
				C7408F772AD2B29600E86C29 /* SunRenderer.swift in Sources */,
				C70AEB612A56A811006CABF6 /* OpenWeatherWind.swift in Sources */,
				C7D061C22AB6DE6C006B354E /* WeatherHomeVC+CreateLayout.swift in Sources */,
				C7B474A62A5D305D00490FF1 /* GradientRootView.swift in Sources */,
				C70AEB5D2A56A6B5006CABF6 /* OpenWeatherWeatherDescription.swift in Sources */,
				C7D061C42AB6E4FB006B354E /* WeatherHomeVC+ConfigureDataSource.swift in Sources */,
				C78D88352A647C3000B646AF /* WindLabel.swift in Sources */,
				C76C16B32AD59950005A84DF /* PageVC+WorkWithBarItem.swift in Sources */,
				C78549BB2A57DBDE00F2E500 /* SuggestionCitiesCell.swift in Sources */,
				C7C8C2452A56CA8F005E6392 /* GeoResponce.swift in Sources */,
			);
			runOnlyForDeploymentPostprocessing = 0;
		};
/* End PBXSourcesBuildPhase section */

/* Begin PBXVariantGroup section */
		C72B99F32A556A3500C5088E /* LaunchScreen.storyboard */ = {
			isa = PBXVariantGroup;
			children = (
				C72B99F42A556A3500C5088E /* Base */,
			);
			name = LaunchScreen.storyboard;
			sourceTree = "<group>";
		};
/* End PBXVariantGroup section */

/* Begin XCBuildConfiguration section */
		C72B99F72A556A3500C5088E /* Debug */ = {
			isa = XCBuildConfiguration;
			buildSettings = {
				ALWAYS_SEARCH_USER_PATHS = NO;
				CLANG_ANALYZER_NONNULL = YES;
				CLANG_ANALYZER_NUMBER_OBJECT_CONVERSION = YES_AGGRESSIVE;
				CLANG_CXX_LANGUAGE_STANDARD = "gnu++20";
				CLANG_ENABLE_MODULES = YES;
				CLANG_ENABLE_OBJC_ARC = YES;
				CLANG_ENABLE_OBJC_WEAK = YES;
				CLANG_WARN_BLOCK_CAPTURE_AUTORELEASING = YES;
				CLANG_WARN_BOOL_CONVERSION = YES;
				CLANG_WARN_COMMA = YES;
				CLANG_WARN_CONSTANT_CONVERSION = YES;
				CLANG_WARN_DEPRECATED_OBJC_IMPLEMENTATIONS = YES;
				CLANG_WARN_DIRECT_OBJC_ISA_USAGE = YES_ERROR;
				CLANG_WARN_DOCUMENTATION_COMMENTS = YES;
				CLANG_WARN_EMPTY_BODY = YES;
				CLANG_WARN_ENUM_CONVERSION = YES;
				CLANG_WARN_INFINITE_RECURSION = YES;
				CLANG_WARN_INT_CONVERSION = YES;
				CLANG_WARN_NON_LITERAL_NULL_CONVERSION = YES;
				CLANG_WARN_OBJC_IMPLICIT_RETAIN_SELF = YES;
				CLANG_WARN_OBJC_LITERAL_CONVERSION = YES;
				CLANG_WARN_OBJC_ROOT_CLASS = YES_ERROR;
				CLANG_WARN_QUOTED_INCLUDE_IN_FRAMEWORK_HEADER = YES;
				CLANG_WARN_RANGE_LOOP_ANALYSIS = YES;
				CLANG_WARN_STRICT_PROTOTYPES = YES;
				CLANG_WARN_SUSPICIOUS_MOVE = YES;
				CLANG_WARN_UNGUARDED_AVAILABILITY = YES_AGGRESSIVE;
				CLANG_WARN_UNREACHABLE_CODE = YES;
				CLANG_WARN__DUPLICATE_METHOD_MATCH = YES;
				COPY_PHASE_STRIP = NO;
				DEBUG_INFORMATION_FORMAT = dwarf;
				ENABLE_STRICT_OBJC_MSGSEND = YES;
				ENABLE_TESTABILITY = YES;
				GCC_C_LANGUAGE_STANDARD = gnu11;
				GCC_DYNAMIC_NO_PIC = NO;
				GCC_NO_COMMON_BLOCKS = YES;
				GCC_OPTIMIZATION_LEVEL = 0;
				GCC_PREPROCESSOR_DEFINITIONS = (
					"DEBUG=1",
					"$(inherited)",
				);
				GCC_WARN_64_TO_32_BIT_CONVERSION = YES;
				GCC_WARN_ABOUT_RETURN_TYPE = YES_ERROR;
				GCC_WARN_UNDECLARED_SELECTOR = YES;
				GCC_WARN_UNINITIALIZED_AUTOS = YES_AGGRESSIVE;
				GCC_WARN_UNUSED_FUNCTION = YES;
				GCC_WARN_UNUSED_VARIABLE = YES;
				IPHONEOS_DEPLOYMENT_TARGET = 15.0;
				MTL_ENABLE_DEBUG_INFO = INCLUDE_SOURCE;
				MTL_FAST_MATH = YES;
				ONLY_ACTIVE_ARCH = YES;
				SDKROOT = iphoneos;
				SWIFT_ACTIVE_COMPILATION_CONDITIONS = DEBUG;
				SWIFT_OPTIMIZATION_LEVEL = "-Onone";
			};
			name = Debug;
		};
		C72B99F82A556A3500C5088E /* Release */ = {
			isa = XCBuildConfiguration;
			buildSettings = {
				ALWAYS_SEARCH_USER_PATHS = NO;
				CLANG_ANALYZER_NONNULL = YES;
				CLANG_ANALYZER_NUMBER_OBJECT_CONVERSION = YES_AGGRESSIVE;
				CLANG_CXX_LANGUAGE_STANDARD = "gnu++20";
				CLANG_ENABLE_MODULES = YES;
				CLANG_ENABLE_OBJC_ARC = YES;
				CLANG_ENABLE_OBJC_WEAK = YES;
				CLANG_WARN_BLOCK_CAPTURE_AUTORELEASING = YES;
				CLANG_WARN_BOOL_CONVERSION = YES;
				CLANG_WARN_COMMA = YES;
				CLANG_WARN_CONSTANT_CONVERSION = YES;
				CLANG_WARN_DEPRECATED_OBJC_IMPLEMENTATIONS = YES;
				CLANG_WARN_DIRECT_OBJC_ISA_USAGE = YES_ERROR;
				CLANG_WARN_DOCUMENTATION_COMMENTS = YES;
				CLANG_WARN_EMPTY_BODY = YES;
				CLANG_WARN_ENUM_CONVERSION = YES;
				CLANG_WARN_INFINITE_RECURSION = YES;
				CLANG_WARN_INT_CONVERSION = YES;
				CLANG_WARN_NON_LITERAL_NULL_CONVERSION = YES;
				CLANG_WARN_OBJC_IMPLICIT_RETAIN_SELF = YES;
				CLANG_WARN_OBJC_LITERAL_CONVERSION = YES;
				CLANG_WARN_OBJC_ROOT_CLASS = YES_ERROR;
				CLANG_WARN_QUOTED_INCLUDE_IN_FRAMEWORK_HEADER = YES;
				CLANG_WARN_RANGE_LOOP_ANALYSIS = YES;
				CLANG_WARN_STRICT_PROTOTYPES = YES;
				CLANG_WARN_SUSPICIOUS_MOVE = YES;
				CLANG_WARN_UNGUARDED_AVAILABILITY = YES_AGGRESSIVE;
				CLANG_WARN_UNREACHABLE_CODE = YES;
				CLANG_WARN__DUPLICATE_METHOD_MATCH = YES;
				COPY_PHASE_STRIP = NO;
				DEBUG_INFORMATION_FORMAT = "dwarf-with-dsym";
				ENABLE_NS_ASSERTIONS = NO;
				ENABLE_STRICT_OBJC_MSGSEND = YES;
				GCC_C_LANGUAGE_STANDARD = gnu11;
				GCC_NO_COMMON_BLOCKS = YES;
				GCC_WARN_64_TO_32_BIT_CONVERSION = YES;
				GCC_WARN_ABOUT_RETURN_TYPE = YES_ERROR;
				GCC_WARN_UNDECLARED_SELECTOR = YES;
				GCC_WARN_UNINITIALIZED_AUTOS = YES_AGGRESSIVE;
				GCC_WARN_UNUSED_FUNCTION = YES;
				GCC_WARN_UNUSED_VARIABLE = YES;
				IPHONEOS_DEPLOYMENT_TARGET = 15.0;
				MTL_ENABLE_DEBUG_INFO = NO;
				MTL_FAST_MATH = YES;
				SDKROOT = iphoneos;
				SWIFT_COMPILATION_MODE = wholemodule;
				SWIFT_OPTIMIZATION_LEVEL = "-O";
				VALIDATE_PRODUCT = YES;
			};
			name = Release;
		};
		C72B99FA2A556A3500C5088E /* Debug */ = {
			isa = XCBuildConfiguration;
			buildSettings = {
				ASSETCATALOG_COMPILER_APPICON_NAME = AppIcon;
				ASSETCATALOG_COMPILER_GLOBAL_ACCENT_COLOR_NAME = AccentColor;
				CODE_SIGN_STYLE = Automatic;
				CURRENT_PROJECT_VERSION = 1;
				DEVELOPMENT_TEAM = C5K64GS5PN;
				GENERATE_INFOPLIST_FILE = YES;
				INFOPLIST_FILE = Weather/Resources/Info.plist;
				INFOPLIST_KEY_UIApplicationSupportsIndirectInputEvents = YES;
				INFOPLIST_KEY_UILaunchStoryboardName = LaunchScreen;
				INFOPLIST_KEY_UIStatusBarStyle = UIStatusBarStyleLightContent;
				INFOPLIST_KEY_UISupportedInterfaceOrientations = "UIInterfaceOrientationLandscapeLeft UIInterfaceOrientationLandscapeRight UIInterfaceOrientationPortrait UIInterfaceOrientationPortraitUpsideDown";
				IPHONEOS_DEPLOYMENT_TARGET = 15.0;
				LD_RUNPATH_SEARCH_PATHS = (
					"$(inherited)",
					"@executable_path/Frameworks",
				);
				MARKETING_VERSION = 1.0;
				PRODUCT_BUNDLE_IDENTIFIER = "test-app.Weather";
				PRODUCT_NAME = "$(TARGET_NAME)";
				SUPPORTED_PLATFORMS = "iphoneos iphonesimulator";
				SUPPORTS_MACCATALYST = NO;
				SUPPORTS_MAC_DESIGNED_FOR_IPHONE_IPAD = NO;
				SWIFT_EMIT_LOC_STRINGS = YES;
				SWIFT_VERSION = 5.0;
				TARGETED_DEVICE_FAMILY = "1,2";
			};
			name = Debug;
		};
		C72B99FB2A556A3500C5088E /* Release */ = {
			isa = XCBuildConfiguration;
			buildSettings = {
				ASSETCATALOG_COMPILER_APPICON_NAME = AppIcon;
				ASSETCATALOG_COMPILER_GLOBAL_ACCENT_COLOR_NAME = AccentColor;
				CODE_SIGN_STYLE = Automatic;
				CURRENT_PROJECT_VERSION = 1;
				DEVELOPMENT_TEAM = C5K64GS5PN;
				GENERATE_INFOPLIST_FILE = YES;
				INFOPLIST_FILE = Weather/Resources/Info.plist;
				INFOPLIST_KEY_UIApplicationSupportsIndirectInputEvents = YES;
				INFOPLIST_KEY_UILaunchStoryboardName = LaunchScreen;
				INFOPLIST_KEY_UIStatusBarStyle = UIStatusBarStyleLightContent;
				INFOPLIST_KEY_UISupportedInterfaceOrientations = "UIInterfaceOrientationLandscapeLeft UIInterfaceOrientationLandscapeRight UIInterfaceOrientationPortrait UIInterfaceOrientationPortraitUpsideDown";
				IPHONEOS_DEPLOYMENT_TARGET = 15.0;
				LD_RUNPATH_SEARCH_PATHS = (
					"$(inherited)",
					"@executable_path/Frameworks",
				);
				MARKETING_VERSION = 1.0;
				PRODUCT_BUNDLE_IDENTIFIER = "test-app.Weather";
				PRODUCT_NAME = "$(TARGET_NAME)";
				SUPPORTED_PLATFORMS = "iphoneos iphonesimulator";
				SUPPORTS_MACCATALYST = NO;
				SUPPORTS_MAC_DESIGNED_FOR_IPHONE_IPAD = NO;
				SWIFT_EMIT_LOC_STRINGS = YES;
				SWIFT_VERSION = 5.0;
				TARGETED_DEVICE_FAMILY = "1,2";
			};
			name = Release;
		};
/* End XCBuildConfiguration section */

/* Begin XCConfigurationList section */
		C72B99E02A556A3300C5088E /* Build configuration list for PBXProject "Weather" */ = {
			isa = XCConfigurationList;
			buildConfigurations = (
				C72B99F72A556A3500C5088E /* Debug */,
				C72B99F82A556A3500C5088E /* Release */,
			);
			defaultConfigurationIsVisible = 0;
			defaultConfigurationName = Release;
		};
		C72B99F92A556A3500C5088E /* Build configuration list for PBXNativeTarget "Weather" */ = {
			isa = XCConfigurationList;
			buildConfigurations = (
				C72B99FA2A556A3500C5088E /* Debug */,
				C72B99FB2A556A3500C5088E /* Release */,
			);
			defaultConfigurationIsVisible = 0;
			defaultConfigurationName = Release;
		};
/* End XCConfigurationList section */

/* Begin XCVersionGroup section */
		C729E7F32AA31F5F00C034F5 /* GeoModel.xcdatamodeld */ = {
			isa = XCVersionGroup;
			children = (
				C729E7F42AA31F5F00C034F5 /* Model.xcdatamodel */,
			);
			currentVersion = C729E7F42AA31F5F00C034F5 /* Model.xcdatamodel */;
			path = GeoModel.xcdatamodeld;
			sourceTree = "<group>";
			versionGroupType = wrapper.xcdatamodel;
		};
/* End XCVersionGroup section */
	};
	rootObject = C72B99DD2A556A3300C5088E /* Project object */;
}
