// !$*UTF8*$!
{
	archiveVersion = 1;
	classes = {
	};
	objectVersion = 56;
	objects = {

/* Begin PBXBuildFile section */
		C70AEB4A2A55C0D9006CABF6 /* temperatureColors.csv in Resources */ = {isa = PBXBuildFile; fileRef = C70AEB492A55C0D9006CABF6 /* temperatureColors.csv */; };
		C70AEB512A55C196006CABF6 /* TemperatureColor.swift in Sources */ = {isa = PBXBuildFile; fileRef = C70AEB502A55C196006CABF6 /* TemperatureColor.swift */; };
		C70AEB542A55C399006CABF6 /* TemperatureParser.swift in Sources */ = {isa = PBXBuildFile; fileRef = C70AEB532A55C399006CABF6 /* TemperatureParser.swift */; };
		C70AEB562A55C6B7006CABF6 /* UIColor+GetTemperatureColor.swift in Sources */ = {isa = PBXBuildFile; fileRef = C70AEB552A55C6B7006CABF6 /* UIColor+GetTemperatureColor.swift */; };
		C70AEB592A56A602006CABF6 /* Coordinates.swift in Sources */ = {isa = PBXBuildFile; fileRef = C70AEB582A56A602006CABF6 /* Coordinates.swift */; };
		C70AEB5B2A56A655006CABF6 /* WeatherResponce.swift in Sources */ = {isa = PBXBuildFile; fileRef = C70AEB5A2A56A655006CABF6 /* WeatherResponce.swift */; };
		C70AEB5D2A56A6B5006CABF6 /* WeatherDescription.swift in Sources */ = {isa = PBXBuildFile; fileRef = C70AEB5C2A56A6B5006CABF6 /* WeatherDescription.swift */; };
		C70AEB5F2A56A75B006CABF6 /* TempAndPressure.swift in Sources */ = {isa = PBXBuildFile; fileRef = C70AEB5E2A56A75B006CABF6 /* TempAndPressure.swift */; };
		C70AEB612A56A811006CABF6 /* Wind.swift in Sources */ = {isa = PBXBuildFile; fileRef = C70AEB602A56A811006CABF6 /* Wind.swift */; };
		C70AEB652A56A9F3006CABF6 /* Clouds.swift in Sources */ = {isa = PBXBuildFile; fileRef = C70AEB642A56A9F3006CABF6 /* Clouds.swift */; };
		C70AEB672A56AA3E006CABF6 /* SunriseSunset.swift in Sources */ = {isa = PBXBuildFile; fileRef = C70AEB662A56AA3E006CABF6 /* SunriseSunset.swift */; };
		C70AEB692A56AC01006CABF6 /* NetworkManager.swift in Sources */ = {isa = PBXBuildFile; fileRef = C70AEB682A56AC01006CABF6 /* NetworkManager.swift */; };
		C72B99E92A556A3300C5088E /* AppDelegate.swift in Sources */ = {isa = PBXBuildFile; fileRef = C72B99E82A556A3300C5088E /* AppDelegate.swift */; };
		C72B99EB2A556A3300C5088E /* SceneDelegate.swift in Sources */ = {isa = PBXBuildFile; fileRef = C72B99EA2A556A3300C5088E /* SceneDelegate.swift */; };
		C72B99ED2A556A3300C5088E /* WeatherVC.swift in Sources */ = {isa = PBXBuildFile; fileRef = C72B99EC2A556A3300C5088E /* WeatherVC.swift */; };
		C72B99F22A556A3500C5088E /* Assets.xcassets in Resources */ = {isa = PBXBuildFile; fileRef = C72B99F12A556A3500C5088E /* Assets.xcassets */; };
		C72B99F52A556A3500C5088E /* LaunchScreen.storyboard in Resources */ = {isa = PBXBuildFile; fileRef = C72B99F32A556A3500C5088E /* LaunchScreen.storyboard */; };
		C7400EEA2A5CCEFB0081EF70 /* ApiKey.swift in Sources */ = {isa = PBXBuildFile; fileRef = C7400EE92A5CCEFB0081EF70 /* ApiKey.swift */; };
		C78549B52A56F97800F2E500 /* CityChooserVC.swift in Sources */ = {isa = PBXBuildFile; fileRef = C78549B42A56F97800F2E500 /* CityChooserVC.swift */; };
		C78549BB2A57DBDE00F2E500 /* SuggestionCitiesCell.swift in Sources */ = {isa = PBXBuildFile; fileRef = C78549BA2A57DBDE00F2E500 /* SuggestionCitiesCell.swift */; };
		C78549BE2A57EC6F00F2E500 /* CityChooserDelegate.swift in Sources */ = {isa = PBXBuildFile; fileRef = C78549BD2A57EC6F00F2E500 /* CityChooserDelegate.swift */; };
		C78549C02A57FF5900F2E500 /* Rain.swift in Sources */ = {isa = PBXBuildFile; fileRef = C78549BF2A57FF5900F2E500 /* Rain.swift */; };
		C7B474812A5CF27200490FF1 /* WeatherIcons.swift in Sources */ = {isa = PBXBuildFile; fileRef = C7B474802A5CF27200490FF1 /* WeatherIcons.swift */; };
		C7C8C2452A56CA8F005E6392 /* GeoResponce.swift in Sources */ = {isa = PBXBuildFile; fileRef = C7C8C2442A56CA8F005E6392 /* GeoResponce.swift */; };
		C7C8C2472A56CB76005E6392 /* localNames.swift in Sources */ = {isa = PBXBuildFile; fileRef = C7C8C2462A56CB76005E6392 /* localNames.swift */; };
/* End PBXBuildFile section */

/* Begin PBXFileReference section */
		C70AEB492A55C0D9006CABF6 /* temperatureColors.csv */ = {isa = PBXFileReference; fileEncoding = 4; lastKnownFileType = text; path = temperatureColors.csv; sourceTree = "<group>"; };
		C70AEB502A55C196006CABF6 /* TemperatureColor.swift */ = {isa = PBXFileReference; lastKnownFileType = sourcecode.swift; path = TemperatureColor.swift; sourceTree = "<group>"; };
		C70AEB532A55C399006CABF6 /* TemperatureParser.swift */ = {isa = PBXFileReference; lastKnownFileType = sourcecode.swift; path = TemperatureParser.swift; sourceTree = "<group>"; };
		C70AEB552A55C6B7006CABF6 /* UIColor+GetTemperatureColor.swift */ = {isa = PBXFileReference; lastKnownFileType = sourcecode.swift; path = "UIColor+GetTemperatureColor.swift"; sourceTree = "<group>"; };
		C70AEB582A56A602006CABF6 /* Coordinates.swift */ = {isa = PBXFileReference; lastKnownFileType = sourcecode.swift; path = Coordinates.swift; sourceTree = "<group>"; };
		C70AEB5A2A56A655006CABF6 /* WeatherResponce.swift */ = {isa = PBXFileReference; lastKnownFileType = sourcecode.swift; path = WeatherResponce.swift; sourceTree = "<group>"; };
		C70AEB5C2A56A6B5006CABF6 /* WeatherDescription.swift */ = {isa = PBXFileReference; lastKnownFileType = sourcecode.swift; path = WeatherDescription.swift; sourceTree = "<group>"; };
		C70AEB5E2A56A75B006CABF6 /* TempAndPressure.swift */ = {isa = PBXFileReference; lastKnownFileType = sourcecode.swift; path = TempAndPressure.swift; sourceTree = "<group>"; };
		C70AEB602A56A811006CABF6 /* Wind.swift */ = {isa = PBXFileReference; lastKnownFileType = sourcecode.swift; path = Wind.swift; sourceTree = "<group>"; };
		C70AEB642A56A9F3006CABF6 /* Clouds.swift */ = {isa = PBXFileReference; lastKnownFileType = sourcecode.swift; path = Clouds.swift; sourceTree = "<group>"; };
		C70AEB662A56AA3E006CABF6 /* SunriseSunset.swift */ = {isa = PBXFileReference; lastKnownFileType = sourcecode.swift; path = SunriseSunset.swift; sourceTree = "<group>"; };
		C70AEB682A56AC01006CABF6 /* NetworkManager.swift */ = {isa = PBXFileReference; lastKnownFileType = sourcecode.swift; path = NetworkManager.swift; sourceTree = "<group>"; };
		C72B99E52A556A3300C5088E /* Weather.app */ = {isa = PBXFileReference; explicitFileType = wrapper.application; includeInIndex = 0; path = Weather.app; sourceTree = BUILT_PRODUCTS_DIR; };
		C72B99E82A556A3300C5088E /* AppDelegate.swift */ = {isa = PBXFileReference; lastKnownFileType = sourcecode.swift; path = AppDelegate.swift; sourceTree = "<group>"; };
		C72B99EA2A556A3300C5088E /* SceneDelegate.swift */ = {isa = PBXFileReference; lastKnownFileType = sourcecode.swift; path = SceneDelegate.swift; sourceTree = "<group>"; };
		C72B99EC2A556A3300C5088E /* WeatherVC.swift */ = {isa = PBXFileReference; lastKnownFileType = sourcecode.swift; path = WeatherVC.swift; sourceTree = "<group>"; };
		C72B99F12A556A3500C5088E /* Assets.xcassets */ = {isa = PBXFileReference; lastKnownFileType = folder.assetcatalog; path = Assets.xcassets; sourceTree = "<group>"; };
		C72B99F42A556A3500C5088E /* Base */ = {isa = PBXFileReference; lastKnownFileType = file.storyboard; name = Base; path = Base.lproj/LaunchScreen.storyboard; sourceTree = "<group>"; };
		C72B99F62A556A3500C5088E /* Info.plist */ = {isa = PBXFileReference; lastKnownFileType = text.plist.xml; path = Info.plist; sourceTree = "<group>"; };
		C7400EE92A5CCEFB0081EF70 /* ApiKey.swift */ = {isa = PBXFileReference; lastKnownFileType = sourcecode.swift; path = ApiKey.swift; sourceTree = "<group>"; };
		C78549B42A56F97800F2E500 /* CityChooserVC.swift */ = {isa = PBXFileReference; lastKnownFileType = sourcecode.swift; path = CityChooserVC.swift; sourceTree = "<group>"; };
		C78549BA2A57DBDE00F2E500 /* SuggestionCitiesCell.swift */ = {isa = PBXFileReference; lastKnownFileType = sourcecode.swift; path = SuggestionCitiesCell.swift; sourceTree = "<group>"; };
		C78549BD2A57EC6F00F2E500 /* CityChooserDelegate.swift */ = {isa = PBXFileReference; lastKnownFileType = sourcecode.swift; path = CityChooserDelegate.swift; sourceTree = "<group>"; };
		C78549BF2A57FF5900F2E500 /* Rain.swift */ = {isa = PBXFileReference; lastKnownFileType = sourcecode.swift; path = Rain.swift; sourceTree = "<group>"; };
		C7B474802A5CF27200490FF1 /* WeatherIcons.swift */ = {isa = PBXFileReference; lastKnownFileType = sourcecode.swift; path = WeatherIcons.swift; sourceTree = "<group>"; };
		C7C8C2442A56CA8F005E6392 /* GeoResponce.swift */ = {isa = PBXFileReference; lastKnownFileType = sourcecode.swift; path = GeoResponce.swift; sourceTree = "<group>"; };
		C7C8C2462A56CB76005E6392 /* localNames.swift */ = {isa = PBXFileReference; lastKnownFileType = sourcecode.swift; path = localNames.swift; sourceTree = "<group>"; };
/* End PBXFileReference section */

/* Begin PBXFrameworksBuildPhase section */
		C72B99E22A556A3300C5088E /* Frameworks */ = {
			isa = PBXFrameworksBuildPhase;
			buildActionMask = 2147483647;
			files = (
			);
			runOnlyForDeploymentPostprocessing = 0;
		};
/* End PBXFrameworksBuildPhase section */

/* Begin PBXGroup section */
		C70AEB4B2A55C0F6006CABF6 /* VC */ = {
			isa = PBXGroup;
			children = (
				C78549B92A57DA9B00F2E500 /* CityChooser */,
				C72B99EC2A556A3300C5088E /* WeatherVC.swift */,
			);
			path = VC;
			sourceTree = "<group>";
		};
		C70AEB4C2A55C117006CABF6 /* Resources */ = {
			isa = PBXGroup;
			children = (
				C72B99E82A556A3300C5088E /* AppDelegate.swift */,
				C72B99EA2A556A3300C5088E /* SceneDelegate.swift */,
				C72B99F12A556A3500C5088E /* Assets.xcassets */,
				C72B99F32A556A3500C5088E /* LaunchScreen.storyboard */,
				C72B99F62A556A3500C5088E /* Info.plist */,
				C70AEB492A55C0D9006CABF6 /* temperatureColors.csv */,
				C7400EE92A5CCEFB0081EF70 /* ApiKey.swift */,
			);
			path = Resources;
			sourceTree = "<group>";
		};
		C70AEB4D2A55C143006CABF6 /* Models */ = {
			isa = PBXGroup;
			children = (
				C7C8C2432A56CA4D005E6392 /* CItyCoordFinder */,
				C70AEB572A56A4A6006CABF6 /* WeatherResponce */,
				C70AEB522A55C335006CABF6 /* TemperatureColor */,
			);
			path = Models;
			sourceTree = "<group>";
		};
		C70AEB4E2A55C14C006CABF6 /* Networking */ = {
			isa = PBXGroup;
			children = (
				C70AEB682A56AC01006CABF6 /* NetworkManager.swift */,
			);
			path = Networking;
			sourceTree = "<group>";
		};
		C70AEB4F2A55C154006CABF6 /* Extensions */ = {
			isa = PBXGroup;
			children = (
			);
			path = Extensions;
			sourceTree = "<group>";
		};
		C70AEB522A55C335006CABF6 /* TemperatureColor */ = {
			isa = PBXGroup;
			children = (
				C70AEB552A55C6B7006CABF6 /* UIColor+GetTemperatureColor.swift */,
				C70AEB502A55C196006CABF6 /* TemperatureColor.swift */,
				C70AEB532A55C399006CABF6 /* TemperatureParser.swift */,
			);
			path = TemperatureColor;
			sourceTree = "<group>";
		};
		C70AEB572A56A4A6006CABF6 /* WeatherResponce */ = {
			isa = PBXGroup;
			children = (
				C78549C12A5C56F800F2E500 /* structs for JSON */,
				C70AEB5A2A56A655006CABF6 /* WeatherResponce.swift */,
				C7B474802A5CF27200490FF1 /* WeatherIcons.swift */,
			);
			path = WeatherResponce;
			sourceTree = "<group>";
		};
		C72B99DC2A556A3300C5088E = {
			isa = PBXGroup;
			children = (
				C72B99E72A556A3300C5088E /* Weather */,
				C72B99E62A556A3300C5088E /* Products */,
			);
			sourceTree = "<group>";
		};
		C72B99E62A556A3300C5088E /* Products */ = {
			isa = PBXGroup;
			children = (
				C72B99E52A556A3300C5088E /* Weather.app */,
			);
			name = Products;
			sourceTree = "<group>";
		};
		C72B99E72A556A3300C5088E /* Weather */ = {
			isa = PBXGroup;
			children = (
				C78549BC2A57EC1200F2E500 /* Protocols */,
				C70AEB4F2A55C154006CABF6 /* Extensions */,
				C70AEB4E2A55C14C006CABF6 /* Networking */,
				C70AEB4D2A55C143006CABF6 /* Models */,
				C70AEB4C2A55C117006CABF6 /* Resources */,
				C70AEB4B2A55C0F6006CABF6 /* VC */,
			);
			path = Weather;
			sourceTree = "<group>";
		};
		C78549B92A57DA9B00F2E500 /* CityChooser */ = {
			isa = PBXGroup;
			children = (
				C78549B42A56F97800F2E500 /* CityChooserVC.swift */,
				C78549BA2A57DBDE00F2E500 /* SuggestionCitiesCell.swift */,
			);
			path = CityChooser;
			sourceTree = "<group>";
		};
		C78549BC2A57EC1200F2E500 /* Protocols */ = {
			isa = PBXGroup;
			children = (
				C78549BD2A57EC6F00F2E500 /* CityChooserDelegate.swift */,
			);
			path = Protocols;
			sourceTree = "<group>";
		};
		C78549C12A5C56F800F2E500 /* structs for JSON */ = {
			isa = PBXGroup;
			children = (
				C70AEB582A56A602006CABF6 /* Coordinates.swift */,
				C70AEB5C2A56A6B5006CABF6 /* WeatherDescription.swift */,
				C70AEB5E2A56A75B006CABF6 /* TempAndPressure.swift */,
				C70AEB602A56A811006CABF6 /* Wind.swift */,
				C70AEB642A56A9F3006CABF6 /* Clouds.swift */,
				C70AEB662A56AA3E006CABF6 /* SunriseSunset.swift */,
				C78549BF2A57FF5900F2E500 /* Rain.swift */,
			);
			path = "structs for JSON";
			sourceTree = "<group>";
		};
		C78549C22A5C64F800F2E500 /* structs for JSON */ = {
			isa = PBXGroup;
			children = (
				C7C8C2462A56CB76005E6392 /* localNames.swift */,
			);
			path = "structs for JSON";
			sourceTree = "<group>";
		};
		C7C8C2432A56CA4D005E6392 /* CItyCoordFinder */ = {
			isa = PBXGroup;
			children = (
				C78549C22A5C64F800F2E500 /* structs for JSON */,
				C7C8C2442A56CA8F005E6392 /* GeoResponce.swift */,
			);
			path = CItyCoordFinder;
			sourceTree = "<group>";
		};
/* End PBXGroup section */

/* Begin PBXNativeTarget section */
		C72B99E42A556A3300C5088E /* Weather */ = {
			isa = PBXNativeTarget;
			buildConfigurationList = C72B99F92A556A3500C5088E /* Build configuration list for PBXNativeTarget "Weather" */;
			buildPhases = (
				C72B99E12A556A3300C5088E /* Sources */,
				C72B99E22A556A3300C5088E /* Frameworks */,
				C72B99E32A556A3300C5088E /* Resources */,
			);
			buildRules = (
			);
			dependencies = (
			);
			name = Weather;
			productName = Weather;
			productReference = C72B99E52A556A3300C5088E /* Weather.app */;
			productType = "com.apple.product-type.application";
		};
/* End PBXNativeTarget section */

/* Begin PBXProject section */
		C72B99DD2A556A3300C5088E /* Project object */ = {
			isa = PBXProject;
			attributes = {
				BuildIndependentTargetsInParallel = 1;
				LastSwiftUpdateCheck = 1430;
				LastUpgradeCheck = 1430;
				TargetAttributes = {
					C72B99E42A556A3300C5088E = {
						CreatedOnToolsVersion = 14.3;
					};
				};
			};
			buildConfigurationList = C72B99E02A556A3300C5088E /* Build configuration list for PBXProject "Weather" */;
			compatibilityVersion = "Xcode 14.0";
			developmentRegion = en;
			hasScannedForEncodings = 0;
			knownRegions = (
				en,
				Base,
			);
			mainGroup = C72B99DC2A556A3300C5088E;
			productRefGroup = C72B99E62A556A3300C5088E /* Products */;
			projectDirPath = "";
			projectRoot = "";
			targets = (
				C72B99E42A556A3300C5088E /* Weather */,
			);
		};
/* End PBXProject section */

/* Begin PBXResourcesBuildPhase section */
		C72B99E32A556A3300C5088E /* Resources */ = {
			isa = PBXResourcesBuildPhase;
			buildActionMask = 2147483647;
			files = (
				C72B99F52A556A3500C5088E /* LaunchScreen.storyboard in Resources */,
				C70AEB4A2A55C0D9006CABF6 /* temperatureColors.csv in Resources */,
				C72B99F22A556A3500C5088E /* Assets.xcassets in Resources */,
			);
			runOnlyForDeploymentPostprocessing = 0;
		};
/* End PBXResourcesBuildPhase section */

/* Begin PBXSourcesBuildPhase section */
		C72B99E12A556A3300C5088E /* Sources */ = {
			isa = PBXSourcesBuildPhase;
			buildActionMask = 2147483647;
			files = (
				C70AEB652A56A9F3006CABF6 /* Clouds.swift in Sources */,
				C70AEB592A56A602006CABF6 /* Coordinates.swift in Sources */,
				C70AEB542A55C399006CABF6 /* TemperatureParser.swift in Sources */,
				C70AEB562A55C6B7006CABF6 /* UIColor+GetTemperatureColor.swift in Sources */,
				C7400EEA2A5CCEFB0081EF70 /* ApiKey.swift in Sources */,
				C70AEB672A56AA3E006CABF6 /* SunriseSunset.swift in Sources */,
				C72B99ED2A556A3300C5088E /* WeatherVC.swift in Sources */,
				C7B474812A5CF27200490FF1 /* WeatherIcons.swift in Sources */,
				C78549BE2A57EC6F00F2E500 /* CityChooserDelegate.swift in Sources */,
				C78549B52A56F97800F2E500 /* CityChooserVC.swift in Sources */,
				C72B99E92A556A3300C5088E /* AppDelegate.swift in Sources */,
				C70AEB512A55C196006CABF6 /* TemperatureColor.swift in Sources */,
				C70AEB5F2A56A75B006CABF6 /* TempAndPressure.swift in Sources */,
				C72B99EB2A556A3300C5088E /* SceneDelegate.swift in Sources */,
				C7C8C2472A56CB76005E6392 /* localNames.swift in Sources */,
				C70AEB5B2A56A655006CABF6 /* WeatherResponce.swift in Sources */,
				C70AEB692A56AC01006CABF6 /* NetworkManager.swift in Sources */,
				C78549C02A57FF5900F2E500 /* Rain.swift in Sources */,
				C70AEB612A56A811006CABF6 /* Wind.swift in Sources */,
				C70AEB5D2A56A6B5006CABF6 /* WeatherDescription.swift in Sources */,
				C78549BB2A57DBDE00F2E500 /* SuggestionCitiesCell.swift in Sources */,
				C7C8C2452A56CA8F005E6392 /* GeoResponce.swift in Sources */,
			);
			runOnlyForDeploymentPostprocessing = 0;
		};
/* End PBXSourcesBuildPhase section */

/* Begin PBXVariantGroup section */
		C72B99F32A556A3500C5088E /* LaunchScreen.storyboard */ = {
			isa = PBXVariantGroup;
			children = (
				C72B99F42A556A3500C5088E /* Base */,
			);
			name = LaunchScreen.storyboard;
			sourceTree = "<group>";
		};
/* End PBXVariantGroup section */

/* Begin XCBuildConfiguration section */
		C72B99F72A556A3500C5088E /* Debug */ = {
			isa = XCBuildConfiguration;
			buildSettings = {
				ALWAYS_SEARCH_USER_PATHS = NO;
				CLANG_ANALYZER_NONNULL = YES;
				CLANG_ANALYZER_NUMBER_OBJECT_CONVERSION = YES_AGGRESSIVE;
				CLANG_CXX_LANGUAGE_STANDARD = "gnu++20";
				CLANG_ENABLE_MODULES = YES;
				CLANG_ENABLE_OBJC_ARC = YES;
				CLANG_ENABLE_OBJC_WEAK = YES;
				CLANG_WARN_BLOCK_CAPTURE_AUTORELEASING = YES;
				CLANG_WARN_BOOL_CONVERSION = YES;
				CLANG_WARN_COMMA = YES;
				CLANG_WARN_CONSTANT_CONVERSION = YES;
				CLANG_WARN_DEPRECATED_OBJC_IMPLEMENTATIONS = YES;
				CLANG_WARN_DIRECT_OBJC_ISA_USAGE = YES_ERROR;
				CLANG_WARN_DOCUMENTATION_COMMENTS = YES;
				CLANG_WARN_EMPTY_BODY = YES;
				CLANG_WARN_ENUM_CONVERSION = YES;
				CLANG_WARN_INFINITE_RECURSION = YES;
				CLANG_WARN_INT_CONVERSION = YES;
				CLANG_WARN_NON_LITERAL_NULL_CONVERSION = YES;
				CLANG_WARN_OBJC_IMPLICIT_RETAIN_SELF = YES;
				CLANG_WARN_OBJC_LITERAL_CONVERSION = YES;
				CLANG_WARN_OBJC_ROOT_CLASS = YES_ERROR;
				CLANG_WARN_QUOTED_INCLUDE_IN_FRAMEWORK_HEADER = YES;
				CLANG_WARN_RANGE_LOOP_ANALYSIS = YES;
				CLANG_WARN_STRICT_PROTOTYPES = YES;
				CLANG_WARN_SUSPICIOUS_MOVE = YES;
				CLANG_WARN_UNGUARDED_AVAILABILITY = YES_AGGRESSIVE;
				CLANG_WARN_UNREACHABLE_CODE = YES;
				CLANG_WARN__DUPLICATE_METHOD_MATCH = YES;
				COPY_PHASE_STRIP = NO;
				DEBUG_INFORMATION_FORMAT = dwarf;
				ENABLE_STRICT_OBJC_MSGSEND = YES;
				ENABLE_TESTABILITY = YES;
				GCC_C_LANGUAGE_STANDARD = gnu11;
				GCC_DYNAMIC_NO_PIC = NO;
				GCC_NO_COMMON_BLOCKS = YES;
				GCC_OPTIMIZATION_LEVEL = 0;
				GCC_PREPROCESSOR_DEFINITIONS = (
					"DEBUG=1",
					"$(inherited)",
				);
				GCC_WARN_64_TO_32_BIT_CONVERSION = YES;
				GCC_WARN_ABOUT_RETURN_TYPE = YES_ERROR;
				GCC_WARN_UNDECLARED_SELECTOR = YES;
				GCC_WARN_UNINITIALIZED_AUTOS = YES_AGGRESSIVE;
				GCC_WARN_UNUSED_FUNCTION = YES;
				GCC_WARN_UNUSED_VARIABLE = YES;
				IPHONEOS_DEPLOYMENT_TARGET = 15.0;
				MTL_ENABLE_DEBUG_INFO = INCLUDE_SOURCE;
				MTL_FAST_MATH = YES;
				ONLY_ACTIVE_ARCH = YES;
				SDKROOT = iphoneos;
				SWIFT_ACTIVE_COMPILATION_CONDITIONS = DEBUG;
				SWIFT_OPTIMIZATION_LEVEL = "-Onone";
			};
			name = Debug;
		};
		C72B99F82A556A3500C5088E /* Release */ = {
			isa = XCBuildConfiguration;
			buildSettings = {
				ALWAYS_SEARCH_USER_PATHS = NO;
				CLANG_ANALYZER_NONNULL = YES;
				CLANG_ANALYZER_NUMBER_OBJECT_CONVERSION = YES_AGGRESSIVE;
				CLANG_CXX_LANGUAGE_STANDARD = "gnu++20";
				CLANG_ENABLE_MODULES = YES;
				CLANG_ENABLE_OBJC_ARC = YES;
				CLANG_ENABLE_OBJC_WEAK = YES;
				CLANG_WARN_BLOCK_CAPTURE_AUTORELEASING = YES;
				CLANG_WARN_BOOL_CONVERSION = YES;
				CLANG_WARN_COMMA = YES;
				CLANG_WARN_CONSTANT_CONVERSION = YES;
				CLANG_WARN_DEPRECATED_OBJC_IMPLEMENTATIONS = YES;
				CLANG_WARN_DIRECT_OBJC_ISA_USAGE = YES_ERROR;
				CLANG_WARN_DOCUMENTATION_COMMENTS = YES;
				CLANG_WARN_EMPTY_BODY = YES;
				CLANG_WARN_ENUM_CONVERSION = YES;
				CLANG_WARN_INFINITE_RECURSION = YES;
				CLANG_WARN_INT_CONVERSION = YES;
				CLANG_WARN_NON_LITERAL_NULL_CONVERSION = YES;
				CLANG_WARN_OBJC_IMPLICIT_RETAIN_SELF = YES;
				CLANG_WARN_OBJC_LITERAL_CONVERSION = YES;
				CLANG_WARN_OBJC_ROOT_CLASS = YES_ERROR;
				CLANG_WARN_QUOTED_INCLUDE_IN_FRAMEWORK_HEADER = YES;
				CLANG_WARN_RANGE_LOOP_ANALYSIS = YES;
				CLANG_WARN_STRICT_PROTOTYPES = YES;
				CLANG_WARN_SUSPICIOUS_MOVE = YES;
				CLANG_WARN_UNGUARDED_AVAILABILITY = YES_AGGRESSIVE;
				CLANG_WARN_UNREACHABLE_CODE = YES;
				CLANG_WARN__DUPLICATE_METHOD_MATCH = YES;
				COPY_PHASE_STRIP = NO;
				DEBUG_INFORMATION_FORMAT = "dwarf-with-dsym";
				ENABLE_NS_ASSERTIONS = NO;
				ENABLE_STRICT_OBJC_MSGSEND = YES;
				GCC_C_LANGUAGE_STANDARD = gnu11;
				GCC_NO_COMMON_BLOCKS = YES;
				GCC_WARN_64_TO_32_BIT_CONVERSION = YES;
				GCC_WARN_ABOUT_RETURN_TYPE = YES_ERROR;
				GCC_WARN_UNDECLARED_SELECTOR = YES;
				GCC_WARN_UNINITIALIZED_AUTOS = YES_AGGRESSIVE;
				GCC_WARN_UNUSED_FUNCTION = YES;
				GCC_WARN_UNUSED_VARIABLE = YES;
				IPHONEOS_DEPLOYMENT_TARGET = 15.0;
				MTL_ENABLE_DEBUG_INFO = NO;
				MTL_FAST_MATH = YES;
				SDKROOT = iphoneos;
				SWIFT_COMPILATION_MODE = wholemodule;
				SWIFT_OPTIMIZATION_LEVEL = "-O";
				VALIDATE_PRODUCT = YES;
			};
			name = Release;
		};
		C72B99FA2A556A3500C5088E /* Debug */ = {
			isa = XCBuildConfiguration;
			buildSettings = {
				ASSETCATALOG_COMPILER_APPICON_NAME = AppIcon;
				ASSETCATALOG_COMPILER_GLOBAL_ACCENT_COLOR_NAME = AccentColor;
				CODE_SIGN_STYLE = Automatic;
				CURRENT_PROJECT_VERSION = 1;
				DEVELOPMENT_TEAM = C5K64GS5PN;
				GENERATE_INFOPLIST_FILE = YES;
				INFOPLIST_FILE = Weather/Resources/Info.plist;
				INFOPLIST_KEY_UIApplicationSupportsIndirectInputEvents = YES;
				INFOPLIST_KEY_UILaunchStoryboardName = LaunchScreen;
				INFOPLIST_KEY_UISupportedInterfaceOrientations = UIInterfaceOrientationPortrait;
				INFOPLIST_KEY_UISupportedInterfaceOrientations_iPad = "UIInterfaceOrientationLandscapeLeft UIInterfaceOrientationLandscapeRight UIInterfaceOrientationPortrait UIInterfaceOrientationPortraitUpsideDown";
				IPHONEOS_DEPLOYMENT_TARGET = 15.0;
				LD_RUNPATH_SEARCH_PATHS = (
					"$(inherited)",
					"@executable_path/Frameworks",
				);
				MARKETING_VERSION = 1.0;
				PRODUCT_BUNDLE_IDENTIFIER = "test-app.Weather";
				PRODUCT_NAME = "$(TARGET_NAME)";
				SUPPORTED_PLATFORMS = "iphoneos iphonesimulator";
				SUPPORTS_MACCATALYST = NO;
				SUPPORTS_MAC_DESIGNED_FOR_IPHONE_IPAD = NO;
				SWIFT_EMIT_LOC_STRINGS = YES;
				SWIFT_VERSION = 5.0;
				TARGETED_DEVICE_FAMILY = 1;
			};
			name = Debug;
		};
		C72B99FB2A556A3500C5088E /* Release */ = {
			isa = XCBuildConfiguration;
			buildSettings = {
				ASSETCATALOG_COMPILER_APPICON_NAME = AppIcon;
				ASSETCATALOG_COMPILER_GLOBAL_ACCENT_COLOR_NAME = AccentColor;
				CODE_SIGN_STYLE = Automatic;
				CURRENT_PROJECT_VERSION = 1;
				DEVELOPMENT_TEAM = C5K64GS5PN;
				GENERATE_INFOPLIST_FILE = YES;
				INFOPLIST_FILE = Weather/Resources/Info.plist;
				INFOPLIST_KEY_UIApplicationSupportsIndirectInputEvents = YES;
				INFOPLIST_KEY_UILaunchStoryboardName = LaunchScreen;
				INFOPLIST_KEY_UISupportedInterfaceOrientations = UIInterfaceOrientationPortrait;
				INFOPLIST_KEY_UISupportedInterfaceOrientations_iPad = "UIInterfaceOrientationLandscapeLeft UIInterfaceOrientationLandscapeRight UIInterfaceOrientationPortrait UIInterfaceOrientationPortraitUpsideDown";
				IPHONEOS_DEPLOYMENT_TARGET = 15.0;
				LD_RUNPATH_SEARCH_PATHS = (
					"$(inherited)",
					"@executable_path/Frameworks",
				);
				MARKETING_VERSION = 1.0;
				PRODUCT_BUNDLE_IDENTIFIER = "test-app.Weather";
				PRODUCT_NAME = "$(TARGET_NAME)";
				SUPPORTED_PLATFORMS = "iphoneos iphonesimulator";
				SUPPORTS_MACCATALYST = NO;
				SUPPORTS_MAC_DESIGNED_FOR_IPHONE_IPAD = NO;
				SWIFT_EMIT_LOC_STRINGS = YES;
				SWIFT_VERSION = 5.0;
				TARGETED_DEVICE_FAMILY = 1;
			};
			name = Release;
		};
/* End XCBuildConfiguration section */

/* Begin XCConfigurationList section */
		C72B99E02A556A3300C5088E /* Build configuration list for PBXProject "Weather" */ = {
			isa = XCConfigurationList;
			buildConfigurations = (
				C72B99F72A556A3500C5088E /* Debug */,
				C72B99F82A556A3500C5088E /* Release */,
			);
			defaultConfigurationIsVisible = 0;
			defaultConfigurationName = Release;
		};
		C72B99F92A556A3500C5088E /* Build configuration list for PBXNativeTarget "Weather" */ = {
			isa = XCConfigurationList;
			buildConfigurations = (
				C72B99FA2A556A3500C5088E /* Debug */,
				C72B99FB2A556A3500C5088E /* Release */,
			);
			defaultConfigurationIsVisible = 0;
			defaultConfigurationName = Release;
		};
/* End XCConfigurationList section */
	};
	rootObject = C72B99DD2A556A3300C5088E /* Project object */;
}
